{
  "name": "graphiql-packaged",
  "version": "1.0.0",
  "lockfileVersion": 2,
  "requires": true,
  "packages": {
    "": {
      "name": "graphiql-packaged",
      "version": "1.0.0",
      "dependencies": {
        "es6-promise": "4.2.8",
        "graphiql": "0.17.5",
        "graphiql-subscriptions-fetcher": "0.0.2",
        "graphql": "^0.13.0",
        "js-yaml": "3.13.1",
        "react": "15.6.2",
        "react-dom": "15.6.2",
        "subscriptions-transport-ws": "0.8.2"
      }
    },
    "node_modules/@types/graphql": {
      "version": "0.9.4",
      "resolved": "https://registry.npmjs.org/@types/graphql/-/graphql-0.9.4.tgz",
      "integrity": "sha512-ob2dps4itT/Le5DbxjssBXtBnloDIRUbkgtAvaB42mJ8pVIWMRuURD9WjnhaEGZ4Ql/EryXMQWeU8Y0EU73QLw=="
    },
    "node_modules/@types/node": {
      "version": "11.13.8",
      "resolved": "https://registry.npmjs.org/@types/node/-/node-11.13.8.tgz",
      "integrity": "sha512-szA3x/3miL90ZJxUCzx9haNbK5/zmPieGraZEe4WI+3srN0eGLiT22NXeMHmyhNEopn+IrxqMc7wdVwvPl8meg=="
    },
    "node_modules/@types/ws": {
      "version": "0.0.38",
      "resolved": "https://registry.npmjs.org/@types/ws/-/ws-0.0.38.tgz",
      "integrity": "sha1-QhBv/0tCLKlWc04p8Nc6bYkxlNM=",
      "dependencies": {
        "@types/node": "*"
      }
    },
    "node_modules/argparse": {
      "version": "1.0.10",
      "resolved": "https://registry.npmjs.org/argparse/-/argparse-1.0.10.tgz",
      "integrity": "sha512-o5Roy6tNG4SL/FOkCAN6RzjiakZS25RLYFrcMttJqbdd8BWrnA+fGz57iN5Pb06pvBGvl5gQ0B48dJlslXvoTg==",
      "dependencies": {
        "sprintf-js": "~1.0.2"
      }
    },
    "node_modules/asap": {
      "version": "2.0.6",
      "resolved": "https://registry.npmjs.org/asap/-/asap-2.0.6.tgz",
      "integrity": "sha1-5QNHYR1+aQlDIIu9r+vLwvuGbUY="
    },
    "node_modules/async-limiter": {
      "version": "1.0.0",
      "resolved": "https://registry.npmjs.org/async-limiter/-/async-limiter-1.0.0.tgz",
      "integrity": "sha512-jp/uFnooOiO+L211eZOoSyzpOITMXx1rBITauYykG3BRYPu8h0UcxsPNB04RR5vo4Tyz3+ay17tR6JVf9qzYWg=="
    },
    "node_modules/backo2": {
      "version": "1.0.2",
      "resolved": "https://registry.npmjs.org/backo2/-/backo2-1.0.2.tgz",
      "integrity": "sha1-MasayLEpNjRj41s+u2n038+6eUc="
    },
    "node_modules/balanced-match": {
      "version": "1.0.0",
      "resolved": "https://registry.npmjs.org/balanced-match/-/balanced-match-1.0.0.tgz",
      "integrity": "sha1-ibTRmasr7kneFk6gK4nORi1xt2c="
    },
    "node_modules/brace-expansion": {
      "version": "1.1.11",
      "resolved": "https://registry.npmjs.org/brace-expansion/-/brace-expansion-1.1.11.tgz",
      "integrity": "sha512-iCuPHDFgrHX7H2vEI/5xpz07zSHB00TpugqhmYtVmMO6518mCuRMoOYFldEBl0g187ufozdaHgWKcYFb61qGiA==",
      "dependencies": {
        "balanced-match": "^1.0.0",
        "concat-map": "0.0.1"
      }
    },
    "node_modules/codemirror": {
      "version": "5.53.2",
      "resolved": "https://registry.npmjs.org/codemirror/-/codemirror-5.53.2.tgz",
      "integrity": "sha512-wvSQKS4E+P8Fxn/AQ+tQtJnF1qH5UOlxtugFLpubEZ5jcdH2iXTVinb+Xc/4QjshuOxRm4fUsU2QPF1JJKiyXA=="
    },
    "node_modules/codemirror-graphql": {
      "version": "0.11.6",
      "resolved": "https://registry.npmjs.org/codemirror-graphql/-/codemirror-graphql-0.11.6.tgz",
      "integrity": "sha512-/zVKgOVS2/hfjAY0yoBkLz9ESHnWKBWpBNXQSoFF4Hl5q5AS2DmM22coonWKJcCvNry6TLak2F+QkzPeKVv3Eg==",
      "dependencies": {
        "graphql-language-service-interface": "^2.3.3",
        "graphql-language-service-parser": "^1.5.2"
      }
    },
    "node_modules/concat-map": {
      "version": "0.0.1",
      "resolved": "https://registry.npmjs.org/concat-map/-/concat-map-0.0.1.tgz",
      "integrity": "sha1-2Klr13/Wjfd5OnMDajug1UBdR3s="
    },
    "node_modules/copy-to-clipboard": {
      "version": "3.3.1",
      "resolved": "https://registry.npmjs.org/copy-to-clipboard/-/copy-to-clipboard-3.3.1.tgz",
      "integrity": "sha512-i13qo6kIHTTpCm8/Wup+0b1mVWETvu2kIMzKoK8FpkLkFxlt0znUAHcMzox+T8sPlqtZXq3CulEjQHsYiGFJUw==",
      "dependencies": {
        "toggle-selection": "^1.0.6"
      }
    },
    "node_modules/core-js": {
      "version": "1.2.7",
      "resolved": "https://registry.npmjs.org/core-js/-/core-js-1.2.7.tgz",
      "integrity": "sha1-ZSKUwUZR2yj6k70tX/KYOk8IxjY="
    },
    "node_modules/create-react-class": {
      "version": "15.6.3",
      "resolved": "https://registry.npmjs.org/create-react-class/-/create-react-class-15.6.3.tgz",
      "integrity": "sha512-M+/3Q6E6DLO6Yx3OwrWjwHBnvfXXYA7W+dFjt/ZDBemHO1DDZhsalX/NUtnTYclN6GfnBDRh4qRHjcDHmlJBJg==",
      "dependencies": {
        "fbjs": "^0.8.9",
        "loose-envify": "^1.3.1",
        "object-assign": "^4.1.1"
      }
    },
    "node_modules/cross-fetch": {
      "version": "2.2.2",
      "resolved": "https://registry.npmjs.org/cross-fetch/-/cross-fetch-2.2.2.tgz",
      "integrity": "sha1-pH/09/xxLauo9qaVoRyUhEDUVyM=",
      "dependencies": {
        "node-fetch": "2.1.2",
        "whatwg-fetch": "2.0.4"
      }
    },
    "node_modules/encoding": {
      "version": "0.1.12",
      "resolved": "https://registry.npmjs.org/encoding/-/encoding-0.1.12.tgz",
      "integrity": "sha1-U4tm8+5izRq1HsMjgp0flIDHS+s=",
      "dependencies": {
        "iconv-lite": "~0.4.13"
      }
    },
    "node_modules/entities": {
      "version": "2.0.0",
      "resolved": "https://registry.npmjs.org/entities/-/entities-2.0.0.tgz",
      "integrity": "sha512-D9f7V0JSRwIxlRI2mjMqufDrRDnx8p+eEOz7aUM9SuvF8gsBzra0/6tbjl1m8eQHrZlYj6PxqE00hZ1SAIKPLw=="
    },
    "node_modules/es6-promise": {
      "version": "4.2.8",
      "resolved": "https://registry.npmjs.org/es6-promise/-/es6-promise-4.2.8.tgz",
      "integrity": "sha512-HJDGx5daxeIvxdBxvG2cb9g4tEvwIk3i8+nhX0yGrYmZUzbkdg8QbDevheDB8gd0//uPj4c1EQua8Q+MViT0/w=="
    },
    "node_modules/esprima": {
      "version": "4.0.1",
      "resolved": "https://registry.npmjs.org/esprima/-/esprima-4.0.1.tgz",
      "integrity": "sha512-eGuFFw7Upda+g4p+QHvnW0RyTX/SVeJBDM/gCtMARO0cLuT2HcEKnTPvhjV6aGeqrCB/sbNop0Kszm0jsaWU4A=="
    },
    "node_modules/eventemitter3": {
      "version": "2.0.3",
      "resolved": "https://registry.npmjs.org/eventemitter3/-/eventemitter3-2.0.3.tgz",
      "integrity": "sha1-teEHm1n7XhuidxwKmTvgYKWMmbo="
    },
    "node_modules/fbjs": {
      "version": "0.8.17",
      "resolved": "https://registry.npmjs.org/fbjs/-/fbjs-0.8.17.tgz",
      "integrity": "sha1-xNWY6taUkRJlPWWIsBpc3Nn5D90=",
      "dependencies": {
        "core-js": "^1.0.0",
        "isomorphic-fetch": "^2.1.1",
        "loose-envify": "^1.0.0",
        "object-assign": "^4.1.0",
        "promise": "^7.1.1",
        "setimmediate": "^1.0.5",
        "ua-parser-js": "^0.7.18"
      }
    },
    "node_modules/graphiql": {
      "version": "0.17.5",
      "resolved": "https://registry.npmjs.org/graphiql/-/graphiql-0.17.5.tgz",
      "integrity": "sha512-ogNsrg9qM1py9PzcIUn+C29JukOADbjIfB6zwtfui4BrpOEpDb5UZ6TjAmSL/F/8tCt4TbgwKtkSrBeLNNUrqA==",
      "dependencies": {
        "codemirror": "^5.47.0",
        "codemirror-graphql": "^0.11.6",
        "copy-to-clipboard": "^3.2.0",
        "entities": "^2.0.0",
        "markdown-it": "^10.0.0",
        "regenerator-runtime": "^0.13.3"
      }
    },
    "node_modules/graphiql-subscriptions-fetcher": {
      "version": "0.0.2",
      "resolved": "https://registry.npmjs.org/graphiql-subscriptions-fetcher/-/graphiql-subscriptions-fetcher-0.0.2.tgz",
      "integrity": "sha1-Tmy8sUdMLXaxE1XVdndC0eQpEWI=",
      "dependencies": {
        "graphql": "^0.9.1",
        "subscriptions-transport-ws": "0.5.4"
      }
    },
    "node_modules/graphiql-subscriptions-fetcher/node_modules/graphql": {
      "version": "0.9.6",
      "resolved": "https://registry.npmjs.org/graphql/-/graphql-0.9.6.tgz",
      "integrity": "sha1-UUQh6dIlwp38j9MFRZq65YgV7yw=",
      "dependencies": {
        "iterall": "^1.0.0"
      }
    },
    "node_modules/graphiql-subscriptions-fetcher/node_modules/subscriptions-transport-ws": {
      "version": "0.5.4",
      "resolved": "https://registry.npmjs.org/subscriptions-transport-ws/-/subscriptions-transport-ws-0.5.4.tgz",
      "integrity": "sha1-EJHlXnO/8NaRqGVwrCuX/2+zXPw=",
      "dependencies": {
        "@types/ws": "0.0.38",
        "backo2": "^1.0.2",
        "eventemitter3": "^2.0.2",
        "graphql-subscriptions": "^0.3.0",
        "graphql-tag": "^1.2.4",
        "lodash.isobject": "^3.0.2",
        "lodash.isstring": "^4.0.1",
        "ws": "^1.1.0"
      }
    },
    "node_modules/graphql": {
      "version": "0.13.2",
      "resolved": "https://registry.npmjs.org/graphql/-/graphql-0.13.2.tgz",
      "integrity": "sha512-QZ5BL8ZO/B20VA8APauGBg3GyEgZ19eduvpLWoq5x7gMmWnHoy8rlQWPLmWgFvo1yNgjSEFMesmS4R6pPr7xog==",
      "dependencies": {
        "iterall": "^1.2.1"
      }
    },
    "node_modules/graphql-config": {
      "version": "2.2.1",
      "resolved": "https://registry.npmjs.org/graphql-config/-/graphql-config-2.2.1.tgz",
      "integrity": "sha512-U8+1IAhw9m6WkZRRcyj8ZarK96R6lQBQ0an4lp76Ps9FyhOXENC5YQOxOFGm5CxPrX2rD0g3Je4zG5xdNJjwzQ==",
      "dependencies": {
        "graphql-import": "^0.7.1",
        "graphql-request": "^1.5.0",
        "js-yaml": "^3.10.0",
        "lodash": "^4.17.4",
        "minimatch": "^3.0.4"
      }
    },
    "node_modules/graphql-import": {
      "version": "0.7.1",
      "resolved": "https://registry.npmjs.org/graphql-import/-/graphql-import-0.7.1.tgz",
      "integrity": "sha512-YpwpaPjRUVlw2SN3OPljpWbVRWAhMAyfSba5U47qGMOSsPLi2gYeJtngGpymjm9nk57RFWEpjqwh4+dpYuFAPw==",
      "dependencies": {
        "lodash": "^4.17.4",
        "resolve-from": "^4.0.0"
      }
    },
    "node_modules/graphql-language-service-interface": {
      "version": "2.3.3",
      "resolved": "https://registry.npmjs.org/graphql-language-service-interface/-/graphql-language-service-interface-2.3.3.tgz",
      "integrity": "sha512-SMUbbiHbD19ffyDrucR+vwyaKYhDcTgbBFDJu9Z4TBa5XaksmyiurB3f+pWlIkuFvogBvW3JDiiJJlUW7awivg==",
      "dependencies": {
        "graphql-config": "2.2.1",
        "graphql-language-service-parser": "^1.5.2",
        "graphql-language-service-types": "^1.5.2",
        "graphql-language-service-utils": "^2.3.3"
      }
    },
    "node_modules/graphql-language-service-parser": {
      "version": "1.5.2",
      "resolved": "https://registry.npmjs.org/graphql-language-service-parser/-/graphql-language-service-parser-1.5.2.tgz",
      "integrity": "sha512-kModfvwX5XiT+tYRhh8d6X+rb5Zq9zFQVdcoVlQJvoIW7U6SkxUAeO5Ei9OI3KOMH5r8wyfmXflBZ+xUbJySJw==",
      "dependencies": {
        "graphql-config": "2.2.1",
        "graphql-language-service-types": "^1.5.2"
      }
    },
    "node_modules/graphql-language-service-types": {
      "version": "1.5.2",
      "resolved": "https://registry.npmjs.org/graphql-language-service-types/-/graphql-language-service-types-1.5.2.tgz",
      "integrity": "sha512-WOFHBZX1K41svohPTmhOcKg+zz27d6ULFuZ8mzkiJ9nIpGKueAPyh7/xR0VZNBUAfDzTCbE6wQZxsPl5Kvd7IA==",
      "dependencies": {
        "graphql-config": "2.2.1"
      }
    },
    "node_modules/graphql-language-service-utils": {
      "version": "2.3.3",
      "resolved": "https://registry.npmjs.org/graphql-language-service-utils/-/graphql-language-service-utils-2.3.3.tgz",
      "integrity": "sha512-uHLdIbQpKkE1V2WA12DRMXrUZpPD3ZKPOuH3MHlNg+j9AEe1y83chA4yP5DQqR+ARdMpefz4FJHvEjQr9alXYw==",
      "dependencies": {
        "graphql-config": "2.2.1",
        "graphql-language-service-types": "^1.5.2"
      }
    },
    "node_modules/graphql-request": {
      "version": "1.8.2",
      "resolved": "https://registry.npmjs.org/graphql-request/-/graphql-request-1.8.2.tgz",
      "integrity": "sha512-dDX2M+VMsxXFCmUX0Vo0TopIZIX4ggzOtiCsThgtrKR4niiaagsGTDIHj3fsOMFETpa064vzovI+4YV4QnMbcg==",
      "dependencies": {
        "cross-fetch": "2.2.2"
      }
    },
    "node_modules/graphql-subscriptions": {
      "version": "0.3.1",
      "resolved": "https://registry.npmjs.org/graphql-subscriptions/-/graphql-subscriptions-0.3.1.tgz",
      "integrity": "sha1-DO3C1QdCDPJs9BQICwefBUAvAwM=",
      "dependencies": {
        "es6-promise": "^3.2.1"
      }
    },
    "node_modules/graphql-subscriptions/node_modules/es6-promise": {
      "version": "3.3.1",
      "resolved": "https://registry.npmjs.org/es6-promise/-/es6-promise-3.3.1.tgz",
      "integrity": "sha1-oIzd6EzNvzTQJ6FFG8kdS80ophM="
    },
    "node_modules/graphql-tag": {
      "version": "1.3.2",
      "resolved": "https://registry.npmjs.org/graphql-tag/-/graphql-tag-1.3.2.tgz",
      "integrity": "sha1-ers6j9nzQV0HFjMU7SNwYceFt1k="
    },
    "node_modules/iconv-lite": {
      "version": "0.4.24",
      "resolved": "https://registry.npmjs.org/iconv-lite/-/iconv-lite-0.4.24.tgz",
      "integrity": "sha512-v3MXnZAcvnywkTUEZomIActle7RXXeedOR31wwl7VlyoXO4Qi9arvSenNQWne1TcRwhCL1HwLI21bEqdpj8/rA==",
      "dependencies": {
        "safer-buffer": ">= 2.1.2 < 3"
      }
    },
    "node_modules/is-stream": {
      "version": "1.1.0",
      "resolved": "https://registry.npmjs.org/is-stream/-/is-stream-1.1.0.tgz",
      "integrity": "sha1-EtSj3U5o4Lec6428hBc66A2RykQ="
    },
    "node_modules/isomorphic-fetch": {
      "version": "2.2.1",
      "resolved": "https://registry.npmjs.org/isomorphic-fetch/-/isomorphic-fetch-2.2.1.tgz",
      "integrity": "sha1-YRrhrPFPXoH3KVB0coGf6XM1WKk=",
      "dependencies": {
        "node-fetch": "^1.0.1",
        "whatwg-fetch": ">=0.10.0"
      }
    },
    "node_modules/isomorphic-fetch/node_modules/node-fetch": {
      "version": "1.7.3",
      "resolved": "https://registry.npmjs.org/node-fetch/-/node-fetch-1.7.3.tgz",
      "integrity": "sha512-NhZ4CsKx7cYm2vSrBAr2PvFOe6sWDf0UYLRqA6svUYg7+/TSfVAu49jYC4BvQ4Sms9SZgdqGBgroqfDhJdTyKQ==",
      "dependencies": {
        "encoding": "^0.1.11",
        "is-stream": "^1.0.1"
      }
    },
    "node_modules/iterall": {
      "version": "1.2.2",
      "resolved": "https://registry.npmjs.org/iterall/-/iterall-1.2.2.tgz",
      "integrity": "sha512-yynBb1g+RFUPY64fTrFv7nsjRrENBQJaX2UL+2Szc9REFrSNm1rpSXHGzhmAy7a9uv3vlvgBlXnf9RqmPH1/DA=="
    },
    "node_modules/js-tokens": {
      "version": "4.0.0",
      "resolved": "https://registry.npmjs.org/js-tokens/-/js-tokens-4.0.0.tgz",
      "integrity": "sha512-RdJUflcE3cUzKiMqQgsCu06FPu9UdIJO0beYbPhHN4k6apgJtifcoCtT9bcxOpYBtpD2kCM6Sbzg4CausW/PKQ=="
    },
    "node_modules/js-yaml": {
      "version": "3.13.1",
      "resolved": "https://registry.npmjs.org/js-yaml/-/js-yaml-3.13.1.tgz",
      "integrity": "sha512-YfbcO7jXDdyj0DGxYVSlSeQNHbD7XPWvrVWeVUujrQEoZzWJIRrCPoyk6kL6IAjAG2IolMK4T0hNUe0HOUs5Jw==",
      "dependencies": {
        "argparse": "^1.0.7",
        "esprima": "^4.0.0"
      }
    },
    "node_modules/linkify-it": {
      "version": "2.2.0",
      "resolved": "https://registry.npmjs.org/linkify-it/-/linkify-it-2.2.0.tgz",
      "integrity": "sha512-GnAl/knGn+i1U/wjBz3akz2stz+HrHLsxMwHQGofCDfPvlf+gDKN58UtfmUquTY4/MXeE2x7k19KQmeoZi94Iw==",
      "dependencies": {
        "uc.micro": "^1.0.1"
      }
    },
    "node_modules/lodash": {
      "version": "4.17.19",
      "resolved": "https://registry.npmjs.org/lodash/-/lodash-4.17.19.tgz",
      "integrity": "sha512-JNvd8XER9GQX0v2qJgsaN/mzFCNA5BRe/j8JN9d+tWyGLSodKQHKFicdwNYzWwI3wjRnaKPsGj1XkBjx/F96DQ=="
    },
    "node_modules/lodash.assign": {
      "version": "4.2.0",
      "resolved": "https://registry.npmjs.org/lodash.assign/-/lodash.assign-4.2.0.tgz",
      "integrity": "sha1-DZnzzNem0mHRm9rrkkUAXShYCOc="
    },
    "node_modules/lodash.isobject": {
      "version": "3.0.2",
      "resolved": "https://registry.npmjs.org/lodash.isobject/-/lodash.isobject-3.0.2.tgz",
      "integrity": "sha1-PI+41bW/S/kK4G4U8qUwpO2TXh0="
    },
    "node_modules/lodash.isstring": {
      "version": "4.0.1",
      "resolved": "https://registry.npmjs.org/lodash.isstring/-/lodash.isstring-4.0.1.tgz",
      "integrity": "sha1-1SfftUVuynzJu5XV2ur4i6VKVFE="
    },
    "node_modules/loose-envify": {
      "version": "1.4.0",
      "resolved": "https://registry.npmjs.org/loose-envify/-/loose-envify-1.4.0.tgz",
      "integrity": "sha512-lyuxPGr/Wfhrlem2CL/UcnUc1zcqKAImBDzukY7Y5F/yQiNdko6+fRLevlw1HgMySw7f611UIY408EtxRSoK3Q==",
      "dependencies": {
        "js-tokens": "^3.0.0 || ^4.0.0"
      }
    },
    "node_modules/markdown-it": {
      "version": "10.0.0",
      "resolved": "https://registry.npmjs.org/markdown-it/-/markdown-it-10.0.0.tgz",
      "integrity": "sha512-YWOP1j7UbDNz+TumYP1kpwnP0aEa711cJjrAQrzd0UXlbJfc5aAq0F/PZHjiioqDC1NKgvIMX+o+9Bk7yuM2dg==",
      "dependencies": {
        "argparse": "^1.0.7",
        "entities": "~2.0.0",
        "linkify-it": "^2.0.0",
        "mdurl": "^1.0.1",
        "uc.micro": "^1.0.5"
      }
    },
    "node_modules/mdurl": {
      "version": "1.0.1",
      "resolved": "https://registry.npmjs.org/mdurl/-/mdurl-1.0.1.tgz",
      "integrity": "sha1-/oWy7HWlkDfyrf7BAP1sYBdhFS4="
    },
    "node_modules/minimatch": {
      "version": "3.0.4",
      "resolved": "https://registry.npmjs.org/minimatch/-/minimatch-3.0.4.tgz",
      "integrity": "sha512-yJHVQEhyqPLUTgt9B83PXu6W3rx4MvvHvSUvToogpwoGDOUQ+yDrR0HRot+yOCdCO7u4hX3pWft6kWBBcqh0UA==",
      "dependencies": {
        "brace-expansion": "^1.1.7"
      }
    },
    "node_modules/node-fetch": {
      "version": "2.1.2",
      "resolved": "https://registry.npmjs.org/node-fetch/-/node-fetch-2.1.2.tgz",
      "integrity": "sha1-q4hOjn5X44qUR1POxwb3iNF2i7U="
    },
    "node_modules/object-assign": {
      "version": "4.1.1",
      "resolved": "https://registry.npmjs.org/object-assign/-/object-assign-4.1.1.tgz",
      "integrity": "sha1-IQmtx5ZYh8/AXLvUQsrIv7s2CGM="
    },
    "node_modules/options": {
      "version": "0.0.6",
      "resolved": "https://registry.npmjs.org/options/-/options-0.0.6.tgz",
      "integrity": "sha1-7CLTEoBrtT5zF3Pnza788cZDEo8="
    },
    "node_modules/promise": {
      "version": "7.3.1",
      "resolved": "https://registry.npmjs.org/promise/-/promise-7.3.1.tgz",
      "integrity": "sha512-nolQXZ/4L+bP/UGlkfaIujX9BKxGwmQ9OT4mOt5yvy8iK1h3wqTEJCijzGANTCCl9nWjY41juyAn2K3Q1hLLTg==",
      "dependencies": {
        "asap": "~2.0.3"
      }
    },
    "node_modules/prop-types": {
      "version": "15.7.2",
      "resolved": "https://registry.npmjs.org/prop-types/-/prop-types-15.7.2.tgz",
      "integrity": "sha512-8QQikdH7//R2vurIJSutZ1smHYTcLpRWEOlHnzcWHmBYrOGUysKwSsrC89BCiFj3CbrfJ/nXFdJepOVrY1GCHQ==",
      "dependencies": {
        "loose-envify": "^1.4.0",
        "object-assign": "^4.1.1",
        "react-is": "^16.8.1"
      }
    },
    "node_modules/react": {
      "version": "15.6.2",
      "resolved": "https://registry.npmjs.org/react/-/react-15.6.2.tgz",
      "integrity": "sha1-26BDSrQ5z+gvEI8PURZjkIF5qnI=",
      "dependencies": {
        "create-react-class": "^15.6.0",
        "fbjs": "^0.8.9",
        "loose-envify": "^1.1.0",
        "object-assign": "^4.1.0",
        "prop-types": "^15.5.10"
      }
    },
    "node_modules/react-dom": {
      "version": "15.6.2",
      "resolved": "https://registry.npmjs.org/react-dom/-/react-dom-15.6.2.tgz",
      "integrity": "sha1-Qc+t9pO3V/rycIRDodH9WgK+9zA=",
      "dependencies": {
        "fbjs": "^0.8.9",
        "loose-envify": "^1.1.0",
        "object-assign": "^4.1.0",
        "prop-types": "^15.5.10"
      }
    },
    "node_modules/react-is": {
      "version": "16.8.6",
      "resolved": "https://registry.npmjs.org/react-is/-/react-is-16.8.6.tgz",
      "integrity": "sha512-aUk3bHfZ2bRSVFFbbeVS4i+lNPZr3/WM5jT2J5omUVV1zzcs1nAaf3l51ctA5FFvCRbhrH0bdAsRRQddFJZPtA=="
    },
    "node_modules/regenerator-runtime": {
      "version": "0.13.5",
      "resolved": "https://registry.npmjs.org/regenerator-runtime/-/regenerator-runtime-0.13.5.tgz",
      "integrity": "sha512-ZS5w8CpKFinUzOwW3c83oPeVXoNsrLsaCoLtJvAClH135j/R77RuymhiSErhm2lKcwSCIpmvIWSbDkIfAqKQlA=="
    },
    "node_modules/resolve-from": {
      "version": "4.0.0",
      "resolved": "https://registry.npmjs.org/resolve-from/-/resolve-from-4.0.0.tgz",
      "integrity": "sha512-pb/MYmXstAkysRFx8piNI1tGFNQIFA3vkE3Gq4EuA1dF6gHp/+vgZqsCGJapvy8N3Q+4o7FwvquPJcnZ7RYy4g=="
    },
    "node_modules/safe-buffer": {
      "version": "5.1.2",
      "resolved": "https://registry.npmjs.org/safe-buffer/-/safe-buffer-5.1.2.tgz",
      "integrity": "sha512-Gd2UZBJDkXlY7GbJxfsE8/nvKkUEU1G38c1siN6QP6a9PT9MmHB8GnpscSmMJSoF8LOIrt8ud/wPtojys4G6+g=="
    },
    "node_modules/safer-buffer": {
      "version": "2.1.2",
      "resolved": "https://registry.npmjs.org/safer-buffer/-/safer-buffer-2.1.2.tgz",
      "integrity": "sha512-YZo3K82SD7Riyi0E1EQPojLz7kpepnSQI9IyPbHHg1XXXevb5dJI7tpyN2ADxGcQbHG7vcyRHk0cbwqcQriUtg=="
    },
    "node_modules/setimmediate": {
      "version": "1.0.5",
      "resolved": "https://registry.npmjs.org/setimmediate/-/setimmediate-1.0.5.tgz",
      "integrity": "sha1-KQy7Iy4waULX1+qbg3Mqt4VvgoU="
    },
    "node_modules/sprintf-js": {
      "version": "1.0.3",
      "resolved": "https://registry.npmjs.org/sprintf-js/-/sprintf-js-1.0.3.tgz",
      "integrity": "sha1-BOaSb2YolTVPPdAVIDYzuFcpfiw="
    },
    "node_modules/subscriptions-transport-ws": {
      "version": "0.8.2",
      "resolved": "https://registry.npmjs.org/subscriptions-transport-ws/-/subscriptions-transport-ws-0.8.2.tgz",
      "integrity": "sha512-bp0XR7ccnOspEFUKnmvTRN2VtrFdB4PqCWe7eooTY2fMwjBcm1kYkikWW/lo/d37yQ/BYUA+v0GPsyBakpc0OQ==",
      "dependencies": {
        "backo2": "^1.0.2",
        "eventemitter3": "^2.0.3",
        "graphql-subscriptions": "^0.4.4",
        "graphql-tag": "^2.4.2",
        "iterall": "^1.1.1",
        "lodash.assign": "^4.2.0",
        "lodash.isobject": "^3.0.2",
        "lodash.isstring": "^4.0.1",
        "symbol-observable": "^1.0.4",
        "ws": "^3.0.0"
      }
    },
    "node_modules/subscriptions-transport-ws/node_modules/graphql-subscriptions": {
      "version": "0.4.4",
      "resolved": "https://registry.npmjs.org/graphql-subscriptions/-/graphql-subscriptions-0.4.4.tgz",
      "integrity": "sha512-hqfUsZv39qmK4SEoKMnTO05U4EVvIeAD4ai5ztE9gCl4hEdeaF2Q5gvF80ONQQAnkys4odzxWYd2tBLS/cWl8g==",
      "dependencies": {
        "@types/graphql": "^0.9.1",
        "es6-promise": "^4.0.5",
        "iterall": "^1.1.1"
      }
    },
    "node_modules/subscriptions-transport-ws/node_modules/graphql-tag": {
      "version": "2.10.1",
      "resolved": "https://registry.npmjs.org/graphql-tag/-/graphql-tag-2.10.1.tgz",
      "integrity": "sha512-jApXqWBzNXQ8jYa/HLkZJaVw9jgwNqZkywa2zfFn16Iv1Zb7ELNHkJaXHR7Quvd5SIGsy6Ny7SUKATgnu05uEg=="
    },
    "node_modules/subscriptions-transport-ws/node_modules/ultron": {
      "version": "1.1.1",
      "resolved": "https://registry.npmjs.org/ultron/-/ultron-1.1.1.tgz",
      "integrity": "sha512-UIEXBNeYmKptWH6z8ZnqTeS8fV74zG0/eRU9VGkpzz+LIJNs8W/zM/L+7ctCkRrgbNnnR0xxw4bKOr0cW0N0Og=="
    },
    "node_modules/subscriptions-transport-ws/node_modules/ws": {
      "version": "3.3.3",
      "resolved": "https://registry.npmjs.org/ws/-/ws-3.3.3.tgz",
      "integrity": "sha512-nnWLa/NwZSt4KQJu51MYlCcSQ5g7INpOrOMt4XV8j4dqTXdmlUmSHQ8/oLC069ckre0fRsgfvsKwbTdtKLCDkA==",
      "dependencies": {
        "async-limiter": "~1.0.0",
        "safe-buffer": "~5.1.0",
        "ultron": "~1.1.0"
      }
    },
    "node_modules/symbol-observable": {
      "version": "1.2.0",
      "resolved": "https://registry.npmjs.org/symbol-observable/-/symbol-observable-1.2.0.tgz",
      "integrity": "sha512-e900nM8RRtGhlV36KGEU9k65K3mPb1WV70OdjfxlG2EAuM1noi/E/BaW/uMhL7bPEssK8QV57vN3esixjUvcXQ=="
    },
    "node_modules/toggle-selection": {
      "version": "1.0.6",
      "resolved": "https://registry.npmjs.org/toggle-selection/-/toggle-selection-1.0.6.tgz",
      "integrity": "sha1-bkWxJj8gF/oKzH2J14sVuL932jI="
    },
    "node_modules/ua-parser-js": {
      "version": "0.7.19",
      "resolved": "https://registry.npmjs.org/ua-parser-js/-/ua-parser-js-0.7.19.tgz",
      "integrity": "sha512-T3PVJ6uz8i0HzPxOF9SWzWAlfN/DavlpQqepn22xgve/5QecC+XMCAtmUNnY7C9StehaV6exjUCI801lOI7QlQ=="
    },
    "node_modules/uc.micro": {
      "version": "1.0.6",
      "resolved": "https://registry.npmjs.org/uc.micro/-/uc.micro-1.0.6.tgz",
      "integrity": "sha512-8Y75pvTYkLJW2hWQHXxoqRgV7qb9B+9vFEtidML+7koHUFapnVJAZ6cKs+Qjz5Aw3aZWHMC6u0wJE3At+nSGwA=="
    },
    "node_modules/ultron": {
      "version": "1.0.2",
      "resolved": "https://registry.npmjs.org/ultron/-/ultron-1.0.2.tgz",
      "integrity": "sha1-rOEWq1V80Zc4ak6I9GhTeMiy5Po="
    },
    "node_modules/whatwg-fetch": {
      "version": "2.0.4",
      "resolved": "http://registry.npmjs.org/whatwg-fetch/-/whatwg-fetch-2.0.4.tgz",
      "integrity": "sha512-dcQ1GWpOD/eEQ97k66aiEVpNnapVj90/+R+SXTPYGHpYBBypfKJEQjLrvMZ7YXbKm21gXd4NcuxUTjiv1YtLng=="
    },
    "node_modules/ws": {
      "version": "1.1.5",
      "resolved": "https://registry.npmjs.org/ws/-/ws-1.1.5.tgz",
      "integrity": "sha512-o3KqipXNUdS7wpQzBHSe180lBGO60SoK0yVo3CYJgb2MkobuWuBX6dhkYP5ORCLd55y+SaflMOV5fqAB53ux4w==",
      "dependencies": {
        "options": ">=0.0.5",
        "ultron": "1.0.x"
      }
    }
  },
  "dependencies": {
    "@types/graphql": {
      "version": "0.9.4",
      "resolved": "https://registry.npmjs.org/@types/graphql/-/graphql-0.9.4.tgz",
      "integrity": "sha512-ob2dps4itT/Le5DbxjssBXtBnloDIRUbkgtAvaB42mJ8pVIWMRuURD9WjnhaEGZ4Ql/EryXMQWeU8Y0EU73QLw=="
    },
    "@types/node": {
      "version": "11.13.8",
      "resolved": "https://registry.npmjs.org/@types/node/-/node-11.13.8.tgz",
      "integrity": "sha512-szA3x/3miL90ZJxUCzx9haNbK5/zmPieGraZEe4WI+3srN0eGLiT22NXeMHmyhNEopn+IrxqMc7wdVwvPl8meg=="
    },
    "@types/ws": {
      "version": "0.0.38",
      "resolved": "https://registry.npmjs.org/@types/ws/-/ws-0.0.38.tgz",
      "integrity": "sha1-QhBv/0tCLKlWc04p8Nc6bYkxlNM=",
      "requires": {
        "@types/node": "*"
      }
    },
    "argparse": {
      "version": "1.0.10",
      "resolved": "https://registry.npmjs.org/argparse/-/argparse-1.0.10.tgz",
      "integrity": "sha512-o5Roy6tNG4SL/FOkCAN6RzjiakZS25RLYFrcMttJqbdd8BWrnA+fGz57iN5Pb06pvBGvl5gQ0B48dJlslXvoTg==",
      "requires": {
        "sprintf-js": "~1.0.2"
      }
    },
    "asap": {
      "version": "2.0.6",
      "resolved": "https://registry.npmjs.org/asap/-/asap-2.0.6.tgz",
      "integrity": "sha1-5QNHYR1+aQlDIIu9r+vLwvuGbUY="
    },
    "async-limiter": {
      "version": "1.0.0",
      "resolved": "https://registry.npmjs.org/async-limiter/-/async-limiter-1.0.0.tgz",
      "integrity": "sha512-jp/uFnooOiO+L211eZOoSyzpOITMXx1rBITauYykG3BRYPu8h0UcxsPNB04RR5vo4Tyz3+ay17tR6JVf9qzYWg=="
    },
    "backo2": {
      "version": "1.0.2",
      "resolved": "https://registry.npmjs.org/backo2/-/backo2-1.0.2.tgz",
      "integrity": "sha1-MasayLEpNjRj41s+u2n038+6eUc="
    },
    "balanced-match": {
      "version": "1.0.0",
      "resolved": "https://registry.npmjs.org/balanced-match/-/balanced-match-1.0.0.tgz",
      "integrity": "sha1-ibTRmasr7kneFk6gK4nORi1xt2c="
    },
    "brace-expansion": {
      "version": "1.1.11",
      "resolved": "https://registry.npmjs.org/brace-expansion/-/brace-expansion-1.1.11.tgz",
      "integrity": "sha512-iCuPHDFgrHX7H2vEI/5xpz07zSHB00TpugqhmYtVmMO6518mCuRMoOYFldEBl0g187ufozdaHgWKcYFb61qGiA==",
      "requires": {
        "balanced-match": "^1.0.0",
        "concat-map": "0.0.1"
      }
    },
    "codemirror": {
      "version": "5.53.2",
      "resolved": "https://registry.npmjs.org/codemirror/-/codemirror-5.53.2.tgz",
      "integrity": "sha512-wvSQKS4E+P8Fxn/AQ+tQtJnF1qH5UOlxtugFLpubEZ5jcdH2iXTVinb+Xc/4QjshuOxRm4fUsU2QPF1JJKiyXA=="
    },
    "codemirror-graphql": {
      "version": "0.11.6",
      "resolved": "https://registry.npmjs.org/codemirror-graphql/-/codemirror-graphql-0.11.6.tgz",
      "integrity": "sha512-/zVKgOVS2/hfjAY0yoBkLz9ESHnWKBWpBNXQSoFF4Hl5q5AS2DmM22coonWKJcCvNry6TLak2F+QkzPeKVv3Eg==",
      "requires": {
        "graphql-language-service-interface": "^2.3.3",
        "graphql-language-service-parser": "^1.5.2"
      }
    },
    "concat-map": {
      "version": "0.0.1",
      "resolved": "https://registry.npmjs.org/concat-map/-/concat-map-0.0.1.tgz",
      "integrity": "sha1-2Klr13/Wjfd5OnMDajug1UBdR3s="
    },
    "copy-to-clipboard": {
      "version": "3.3.1",
      "resolved": "https://registry.npmjs.org/copy-to-clipboard/-/copy-to-clipboard-3.3.1.tgz",
      "integrity": "sha512-i13qo6kIHTTpCm8/Wup+0b1mVWETvu2kIMzKoK8FpkLkFxlt0znUAHcMzox+T8sPlqtZXq3CulEjQHsYiGFJUw==",
      "requires": {
        "toggle-selection": "^1.0.6"
      }
    },
    "core-js": {
      "version": "1.2.7",
      "resolved": "https://registry.npmjs.org/core-js/-/core-js-1.2.7.tgz",
      "integrity": "sha1-ZSKUwUZR2yj6k70tX/KYOk8IxjY="
    },
    "create-react-class": {
      "version": "15.6.3",
      "resolved": "https://registry.npmjs.org/create-react-class/-/create-react-class-15.6.3.tgz",
      "integrity": "sha512-M+/3Q6E6DLO6Yx3OwrWjwHBnvfXXYA7W+dFjt/ZDBemHO1DDZhsalX/NUtnTYclN6GfnBDRh4qRHjcDHmlJBJg==",
      "requires": {
        "fbjs": "^0.8.9",
        "loose-envify": "^1.3.1",
        "object-assign": "^4.1.1"
      }
    },
    "cross-fetch": {
      "version": "2.2.2",
      "resolved": "https://registry.npmjs.org/cross-fetch/-/cross-fetch-2.2.2.tgz",
      "integrity": "sha1-pH/09/xxLauo9qaVoRyUhEDUVyM=",
      "requires": {
        "node-fetch": "2.1.2",
        "whatwg-fetch": "2.0.4"
      }
    },
    "encoding": {
      "version": "0.1.12",
      "resolved": "https://registry.npmjs.org/encoding/-/encoding-0.1.12.tgz",
      "integrity": "sha1-U4tm8+5izRq1HsMjgp0flIDHS+s=",
      "requires": {
        "iconv-lite": "~0.4.13"
      }
    },
    "entities": {
      "version": "2.0.0",
      "resolved": "https://registry.npmjs.org/entities/-/entities-2.0.0.tgz",
      "integrity": "sha512-D9f7V0JSRwIxlRI2mjMqufDrRDnx8p+eEOz7aUM9SuvF8gsBzra0/6tbjl1m8eQHrZlYj6PxqE00hZ1SAIKPLw=="
    },
    "es6-promise": {
      "version": "4.2.8",
      "resolved": "https://registry.npmjs.org/es6-promise/-/es6-promise-4.2.8.tgz",
      "integrity": "sha512-HJDGx5daxeIvxdBxvG2cb9g4tEvwIk3i8+nhX0yGrYmZUzbkdg8QbDevheDB8gd0//uPj4c1EQua8Q+MViT0/w=="
    },
    "esprima": {
      "version": "4.0.1",
      "resolved": "https://registry.npmjs.org/esprima/-/esprima-4.0.1.tgz",
      "integrity": "sha512-eGuFFw7Upda+g4p+QHvnW0RyTX/SVeJBDM/gCtMARO0cLuT2HcEKnTPvhjV6aGeqrCB/sbNop0Kszm0jsaWU4A=="
    },
    "eventemitter3": {
      "version": "2.0.3",
      "resolved": "https://registry.npmjs.org/eventemitter3/-/eventemitter3-2.0.3.tgz",
      "integrity": "sha1-teEHm1n7XhuidxwKmTvgYKWMmbo="
    },
    "fbjs": {
      "version": "0.8.17",
      "resolved": "https://registry.npmjs.org/fbjs/-/fbjs-0.8.17.tgz",
      "integrity": "sha1-xNWY6taUkRJlPWWIsBpc3Nn5D90=",
      "requires": {
        "core-js": "^1.0.0",
        "isomorphic-fetch": "^2.1.1",
        "loose-envify": "^1.0.0",
        "object-assign": "^4.1.0",
        "promise": "^7.1.1",
        "setimmediate": "^1.0.5",
        "ua-parser-js": "^0.7.18"
      }
    },
    "graphiql": {
      "version": "0.17.5",
      "resolved": "https://registry.npmjs.org/graphiql/-/graphiql-0.17.5.tgz",
      "integrity": "sha512-ogNsrg9qM1py9PzcIUn+C29JukOADbjIfB6zwtfui4BrpOEpDb5UZ6TjAmSL/F/8tCt4TbgwKtkSrBeLNNUrqA==",
      "requires": {
        "codemirror": "^5.47.0",
        "codemirror-graphql": "^0.11.6",
        "copy-to-clipboard": "^3.2.0",
        "entities": "^2.0.0",
        "markdown-it": "^10.0.0",
        "regenerator-runtime": "^0.13.3"
      }
    },
    "graphiql-subscriptions-fetcher": {
      "version": "0.0.2",
      "resolved": "https://registry.npmjs.org/graphiql-subscriptions-fetcher/-/graphiql-subscriptions-fetcher-0.0.2.tgz",
      "integrity": "sha1-Tmy8sUdMLXaxE1XVdndC0eQpEWI=",
      "requires": {
        "graphql": "^0.9.1",
        "subscriptions-transport-ws": "0.5.4"
      },
      "dependencies": {
        "graphql": {
          "version": "0.9.6",
          "resolved": "https://registry.npmjs.org/graphql/-/graphql-0.9.6.tgz",
          "integrity": "sha1-UUQh6dIlwp38j9MFRZq65YgV7yw=",
          "requires": {
            "iterall": "^1.0.0"
          }
        },
        "subscriptions-transport-ws": {
          "version": "0.5.4",
          "resolved": "https://registry.npmjs.org/subscriptions-transport-ws/-/subscriptions-transport-ws-0.5.4.tgz",
          "integrity": "sha1-EJHlXnO/8NaRqGVwrCuX/2+zXPw=",
          "requires": {
            "@types/ws": "0.0.38",
            "backo2": "^1.0.2",
            "eventemitter3": "^2.0.2",
            "graphql-subscriptions": "^0.3.0",
            "graphql-tag": "^1.2.4",
            "lodash.isobject": "^3.0.2",
            "lodash.isstring": "^4.0.1",
            "ws": "^1.1.0"
          }
        }
      }
    },
    "graphql": {
      "version": "0.13.2",
      "resolved": "https://registry.npmjs.org/graphql/-/graphql-0.13.2.tgz",
      "integrity": "sha512-QZ5BL8ZO/B20VA8APauGBg3GyEgZ19eduvpLWoq5x7gMmWnHoy8rlQWPLmWgFvo1yNgjSEFMesmS4R6pPr7xog==",
      "requires": {
        "iterall": "^1.2.1"
      }
    },
    "graphql-config": {
      "version": "2.2.1",
      "resolved": "https://registry.npmjs.org/graphql-config/-/graphql-config-2.2.1.tgz",
      "integrity": "sha512-U8+1IAhw9m6WkZRRcyj8ZarK96R6lQBQ0an4lp76Ps9FyhOXENC5YQOxOFGm5CxPrX2rD0g3Je4zG5xdNJjwzQ==",
      "requires": {
        "graphql-import": "^0.7.1",
        "graphql-request": "^1.5.0",
        "js-yaml": "^3.10.0",
        "lodash": "^4.17.4",
        "minimatch": "^3.0.4"
      }
    },
    "graphql-import": {
      "version": "0.7.1",
      "resolved": "https://registry.npmjs.org/graphql-import/-/graphql-import-0.7.1.tgz",
      "integrity": "sha512-YpwpaPjRUVlw2SN3OPljpWbVRWAhMAyfSba5U47qGMOSsPLi2gYeJtngGpymjm9nk57RFWEpjqwh4+dpYuFAPw==",
      "requires": {
        "lodash": "^4.17.4",
        "resolve-from": "^4.0.0"
      }
    },
    "graphql-language-service-interface": {
      "version": "2.3.3",
      "resolved": "https://registry.npmjs.org/graphql-language-service-interface/-/graphql-language-service-interface-2.3.3.tgz",
      "integrity": "sha512-SMUbbiHbD19ffyDrucR+vwyaKYhDcTgbBFDJu9Z4TBa5XaksmyiurB3f+pWlIkuFvogBvW3JDiiJJlUW7awivg==",
      "requires": {
        "graphql-config": "2.2.1",
        "graphql-language-service-parser": "^1.5.2",
        "graphql-language-service-types": "^1.5.2",
        "graphql-language-service-utils": "^2.3.3"
      }
    },
    "graphql-language-service-parser": {
      "version": "1.5.2",
      "resolved": "https://registry.npmjs.org/graphql-language-service-parser/-/graphql-language-service-parser-1.5.2.tgz",
      "integrity": "sha512-kModfvwX5XiT+tYRhh8d6X+rb5Zq9zFQVdcoVlQJvoIW7U6SkxUAeO5Ei9OI3KOMH5r8wyfmXflBZ+xUbJySJw==",
      "requires": {
        "graphql-config": "2.2.1",
        "graphql-language-service-types": "^1.5.2"
      }
    },
    "graphql-language-service-types": {
      "version": "1.5.2",
      "resolved": "https://registry.npmjs.org/graphql-language-service-types/-/graphql-language-service-types-1.5.2.tgz",
      "integrity": "sha512-WOFHBZX1K41svohPTmhOcKg+zz27d6ULFuZ8mzkiJ9nIpGKueAPyh7/xR0VZNBUAfDzTCbE6wQZxsPl5Kvd7IA==",
      "requires": {
        "graphql-config": "2.2.1"
      }
    },
    "graphql-language-service-utils": {
      "version": "2.3.3",
      "resolved": "https://registry.npmjs.org/graphql-language-service-utils/-/graphql-language-service-utils-2.3.3.tgz",
      "integrity": "sha512-uHLdIbQpKkE1V2WA12DRMXrUZpPD3ZKPOuH3MHlNg+j9AEe1y83chA4yP5DQqR+ARdMpefz4FJHvEjQr9alXYw==",
      "requires": {
        "graphql-config": "2.2.1",
        "graphql-language-service-types": "^1.5.2"
      }
    },
    "graphql-request": {
      "version": "1.8.2",
      "resolved": "https://registry.npmjs.org/graphql-request/-/graphql-request-1.8.2.tgz",
      "integrity": "sha512-dDX2M+VMsxXFCmUX0Vo0TopIZIX4ggzOtiCsThgtrKR4niiaagsGTDIHj3fsOMFETpa064vzovI+4YV4QnMbcg==",
      "requires": {
        "cross-fetch": "2.2.2"
      }
    },
    "graphql-subscriptions": {
      "version": "0.3.1",
      "resolved": "https://registry.npmjs.org/graphql-subscriptions/-/graphql-subscriptions-0.3.1.tgz",
      "integrity": "sha1-DO3C1QdCDPJs9BQICwefBUAvAwM=",
      "requires": {
        "es6-promise": "^3.2.1"
      },
      "dependencies": {
        "es6-promise": {
          "version": "3.3.1",
          "resolved": "https://registry.npmjs.org/es6-promise/-/es6-promise-3.3.1.tgz",
          "integrity": "sha1-oIzd6EzNvzTQJ6FFG8kdS80ophM="
        }
      }
    },
    "graphql-tag": {
      "version": "1.3.2",
      "resolved": "https://registry.npmjs.org/graphql-tag/-/graphql-tag-1.3.2.tgz",
      "integrity": "sha1-ers6j9nzQV0HFjMU7SNwYceFt1k="
    },
    "iconv-lite": {
      "version": "0.4.24",
      "resolved": "https://registry.npmjs.org/iconv-lite/-/iconv-lite-0.4.24.tgz",
      "integrity": "sha512-v3MXnZAcvnywkTUEZomIActle7RXXeedOR31wwl7VlyoXO4Qi9arvSenNQWne1TcRwhCL1HwLI21bEqdpj8/rA==",
      "requires": {
        "safer-buffer": ">= 2.1.2 < 3"
      }
    },
    "is-stream": {
      "version": "1.1.0",
      "resolved": "https://registry.npmjs.org/is-stream/-/is-stream-1.1.0.tgz",
      "integrity": "sha1-EtSj3U5o4Lec6428hBc66A2RykQ="
    },
    "isomorphic-fetch": {
      "version": "2.2.1",
      "resolved": "https://registry.npmjs.org/isomorphic-fetch/-/isomorphic-fetch-2.2.1.tgz",
      "integrity": "sha1-YRrhrPFPXoH3KVB0coGf6XM1WKk=",
      "requires": {
        "node-fetch": "^1.0.1",
        "whatwg-fetch": ">=0.10.0"
      },
      "dependencies": {
        "node-fetch": {
          "version": "1.7.3",
          "resolved": "https://registry.npmjs.org/node-fetch/-/node-fetch-1.7.3.tgz",
          "integrity": "sha512-NhZ4CsKx7cYm2vSrBAr2PvFOe6sWDf0UYLRqA6svUYg7+/TSfVAu49jYC4BvQ4Sms9SZgdqGBgroqfDhJdTyKQ==",
          "requires": {
            "encoding": "^0.1.11",
            "is-stream": "^1.0.1"
          }
        }
      }
    },
    "iterall": {
      "version": "1.2.2",
      "resolved": "https://registry.npmjs.org/iterall/-/iterall-1.2.2.tgz",
      "integrity": "sha512-yynBb1g+RFUPY64fTrFv7nsjRrENBQJaX2UL+2Szc9REFrSNm1rpSXHGzhmAy7a9uv3vlvgBlXnf9RqmPH1/DA=="
    },
    "js-tokens": {
      "version": "4.0.0",
      "resolved": "https://registry.npmjs.org/js-tokens/-/js-tokens-4.0.0.tgz",
      "integrity": "sha512-RdJUflcE3cUzKiMqQgsCu06FPu9UdIJO0beYbPhHN4k6apgJtifcoCtT9bcxOpYBtpD2kCM6Sbzg4CausW/PKQ=="
    },
    "js-yaml": {
      "version": "3.13.1",
      "resolved": "https://registry.npmjs.org/js-yaml/-/js-yaml-3.13.1.tgz",
      "integrity": "sha512-YfbcO7jXDdyj0DGxYVSlSeQNHbD7XPWvrVWeVUujrQEoZzWJIRrCPoyk6kL6IAjAG2IolMK4T0hNUe0HOUs5Jw==",
      "requires": {
        "argparse": "^1.0.7",
        "esprima": "^4.0.0"
      }
    },
    "linkify-it": {
      "version": "2.2.0",
      "resolved": "https://registry.npmjs.org/linkify-it/-/linkify-it-2.2.0.tgz",
      "integrity": "sha512-GnAl/knGn+i1U/wjBz3akz2stz+HrHLsxMwHQGofCDfPvlf+gDKN58UtfmUquTY4/MXeE2x7k19KQmeoZi94Iw==",
      "requires": {
        "uc.micro": "^1.0.1"
      }
    },
    "lodash": {
      "version": "4.17.19",
      "resolved": "https://registry.npmjs.org/lodash/-/lodash-4.17.19.tgz",
      "integrity": "sha512-JNvd8XER9GQX0v2qJgsaN/mzFCNA5BRe/j8JN9d+tWyGLSodKQHKFicdwNYzWwI3wjRnaKPsGj1XkBjx/F96DQ=="
    },
    "lodash.assign": {
      "version": "4.2.0",
      "resolved": "https://registry.npmjs.org/lodash.assign/-/lodash.assign-4.2.0.tgz",
      "integrity": "sha1-DZnzzNem0mHRm9rrkkUAXShYCOc="
    },
    "lodash.isobject": {
      "version": "3.0.2",
      "resolved": "https://registry.npmjs.org/lodash.isobject/-/lodash.isobject-3.0.2.tgz",
      "integrity": "sha1-PI+41bW/S/kK4G4U8qUwpO2TXh0="
    },
    "lodash.isstring": {
      "version": "4.0.1",
      "resolved": "https://registry.npmjs.org/lodash.isstring/-/lodash.isstring-4.0.1.tgz",
      "integrity": "sha1-1SfftUVuynzJu5XV2ur4i6VKVFE="
    },
    "loose-envify": {
      "version": "1.4.0",
      "resolved": "https://registry.npmjs.org/loose-envify/-/loose-envify-1.4.0.tgz",
      "integrity": "sha512-lyuxPGr/Wfhrlem2CL/UcnUc1zcqKAImBDzukY7Y5F/yQiNdko6+fRLevlw1HgMySw7f611UIY408EtxRSoK3Q==",
      "requires": {
        "js-tokens": "^3.0.0 || ^4.0.0"
      }
    },
    "markdown-it": {
      "version": "10.0.0",
      "resolved": "https://registry.npmjs.org/markdown-it/-/markdown-it-10.0.0.tgz",
      "integrity": "sha512-YWOP1j7UbDNz+TumYP1kpwnP0aEa711cJjrAQrzd0UXlbJfc5aAq0F/PZHjiioqDC1NKgvIMX+o+9Bk7yuM2dg==",
      "requires": {
        "argparse": "^1.0.7",
        "entities": "~2.0.0",
        "linkify-it": "^2.0.0",
        "mdurl": "^1.0.1",
        "uc.micro": "^1.0.5"
      }
    },
    "mdurl": {
      "version": "1.0.1",
      "resolved": "https://registry.npmjs.org/mdurl/-/mdurl-1.0.1.tgz",
      "integrity": "sha1-/oWy7HWlkDfyrf7BAP1sYBdhFS4="
    },
    "minimatch": {
      "version": "3.0.4",
      "resolved": "https://registry.npmjs.org/minimatch/-/minimatch-3.0.4.tgz",
      "integrity": "sha512-yJHVQEhyqPLUTgt9B83PXu6W3rx4MvvHvSUvToogpwoGDOUQ+yDrR0HRot+yOCdCO7u4hX3pWft6kWBBcqh0UA==",
      "requires": {
        "brace-expansion": "^1.1.7"
      }
    },
    "node-fetch": {
      "version": "2.1.2",
      "resolved": "https://registry.npmjs.org/node-fetch/-/node-fetch-2.1.2.tgz",
      "integrity": "sha1-q4hOjn5X44qUR1POxwb3iNF2i7U="
    },
    "object-assign": {
      "version": "4.1.1",
      "resolved": "https://registry.npmjs.org/object-assign/-/object-assign-4.1.1.tgz",
      "integrity": "sha1-IQmtx5ZYh8/AXLvUQsrIv7s2CGM="
    },
    "options": {
      "version": "0.0.6",
      "resolved": "https://registry.npmjs.org/options/-/options-0.0.6.tgz",
      "integrity": "sha1-7CLTEoBrtT5zF3Pnza788cZDEo8="
    },
    "promise": {
      "version": "7.3.1",
      "resolved": "https://registry.npmjs.org/promise/-/promise-7.3.1.tgz",
      "integrity": "sha512-nolQXZ/4L+bP/UGlkfaIujX9BKxGwmQ9OT4mOt5yvy8iK1h3wqTEJCijzGANTCCl9nWjY41juyAn2K3Q1hLLTg==",
      "requires": {
        "asap": "~2.0.3"
      }
    },
    "prop-types": {
      "version": "15.7.2",
      "resolved": "https://registry.npmjs.org/prop-types/-/prop-types-15.7.2.tgz",
      "integrity": "sha512-8QQikdH7//R2vurIJSutZ1smHYTcLpRWEOlHnzcWHmBYrOGUysKwSsrC89BCiFj3CbrfJ/nXFdJepOVrY1GCHQ==",
      "requires": {
        "loose-envify": "^1.4.0",
        "object-assign": "^4.1.1",
        "react-is": "^16.8.1"
      }
    },
    "react": {
      "version": "15.6.2",
      "resolved": "https://registry.npmjs.org/react/-/react-15.6.2.tgz",
      "integrity": "sha1-26BDSrQ5z+gvEI8PURZjkIF5qnI=",
      "requires": {
        "create-react-class": "^15.6.0",
        "fbjs": "^0.8.9",
        "loose-envify": "^1.1.0",
        "object-assign": "^4.1.0",
        "prop-types": "^15.5.10"
      }
    },
    "react-dom": {
      "version": "15.6.2",
      "resolved": "https://registry.npmjs.org/react-dom/-/react-dom-15.6.2.tgz",
      "integrity": "sha1-Qc+t9pO3V/rycIRDodH9WgK+9zA=",
      "requires": {
        "fbjs": "^0.8.9",
        "loose-envify": "^1.1.0",
        "object-assign": "^4.1.0",
        "prop-types": "^15.5.10"
      }
    },
    "react-is": {
      "version": "16.8.6",
      "resolved": "https://registry.npmjs.org/react-is/-/react-is-16.8.6.tgz",
      "integrity": "sha512-aUk3bHfZ2bRSVFFbbeVS4i+lNPZr3/WM5jT2J5omUVV1zzcs1nAaf3l51ctA5FFvCRbhrH0bdAsRRQddFJZPtA=="
    },
    "regenerator-runtime": {
      "version": "0.13.5",
      "resolved": "https://registry.npmjs.org/regenerator-runtime/-/regenerator-runtime-0.13.5.tgz",
      "integrity": "sha512-ZS5w8CpKFinUzOwW3c83oPeVXoNsrLsaCoLtJvAClH135j/R77RuymhiSErhm2lKcwSCIpmvIWSbDkIfAqKQlA=="
    },
    "resolve-from": {
      "version": "4.0.0",
      "resolved": "https://registry.npmjs.org/resolve-from/-/resolve-from-4.0.0.tgz",
      "integrity": "sha512-pb/MYmXstAkysRFx8piNI1tGFNQIFA3vkE3Gq4EuA1dF6gHp/+vgZqsCGJapvy8N3Q+4o7FwvquPJcnZ7RYy4g=="
    },
    "safe-buffer": {
      "version": "5.1.2",
      "resolved": "https://registry.npmjs.org/safe-buffer/-/safe-buffer-5.1.2.tgz",
      "integrity": "sha512-Gd2UZBJDkXlY7GbJxfsE8/nvKkUEU1G38c1siN6QP6a9PT9MmHB8GnpscSmMJSoF8LOIrt8ud/wPtojys4G6+g=="
    },
    "safer-buffer": {
      "version": "2.1.2",
      "resolved": "https://registry.npmjs.org/safer-buffer/-/safer-buffer-2.1.2.tgz",
      "integrity": "sha512-YZo3K82SD7Riyi0E1EQPojLz7kpepnSQI9IyPbHHg1XXXevb5dJI7tpyN2ADxGcQbHG7vcyRHk0cbwqcQriUtg=="
    },
    "setimmediate": {
      "version": "1.0.5",
      "resolved": "https://registry.npmjs.org/setimmediate/-/setimmediate-1.0.5.tgz",
      "integrity": "sha1-KQy7Iy4waULX1+qbg3Mqt4VvgoU="
    },
    "sprintf-js": {
      "version": "1.0.3",
      "resolved": "https://registry.npmjs.org/sprintf-js/-/sprintf-js-1.0.3.tgz",
      "integrity": "sha1-BOaSb2YolTVPPdAVIDYzuFcpfiw="
    },
    "subscriptions-transport-ws": {
      "version": "0.8.2",
      "resolved": "https://registry.npmjs.org/subscriptions-transport-ws/-/subscriptions-transport-ws-0.8.2.tgz",
      "integrity": "sha512-bp0XR7ccnOspEFUKnmvTRN2VtrFdB4PqCWe7eooTY2fMwjBcm1kYkikWW/lo/d37yQ/BYUA+v0GPsyBakpc0OQ==",
      "requires": {
        "backo2": "^1.0.2",
        "eventemitter3": "^2.0.3",
        "graphql-subscriptions": "^0.4.4",
        "graphql-tag": "^2.4.2",
        "iterall": "^1.1.1",
        "lodash.assign": "^4.2.0",
        "lodash.isobject": "^3.0.2",
        "lodash.isstring": "^4.0.1",
        "symbol-observable": "^1.0.4",
        "ws": "^3.0.0"
      },
      "dependencies": {
        "graphql-subscriptions": {
          "version": "0.4.4",
          "resolved": "https://registry.npmjs.org/graphql-subscriptions/-/graphql-subscriptions-0.4.4.tgz",
          "integrity": "sha512-hqfUsZv39qmK4SEoKMnTO05U4EVvIeAD4ai5ztE9gCl4hEdeaF2Q5gvF80ONQQAnkys4odzxWYd2tBLS/cWl8g==",
          "requires": {
            "@types/graphql": "^0.9.1",
            "es6-promise": "^4.0.5",
            "iterall": "^1.1.1"
          }
        },
        "graphql-tag": {
          "version": "2.10.1",
          "resolved": "https://registry.npmjs.org/graphql-tag/-/graphql-tag-2.10.1.tgz",
          "integrity": "sha512-jApXqWBzNXQ8jYa/HLkZJaVw9jgwNqZkywa2zfFn16Iv1Zb7ELNHkJaXHR7Quvd5SIGsy6Ny7SUKATgnu05uEg=="
        },
        "ultron": {
          "version": "1.1.1",
          "resolved": "https://registry.npmjs.org/ultron/-/ultron-1.1.1.tgz",
          "integrity": "sha512-UIEXBNeYmKptWH6z8ZnqTeS8fV74zG0/eRU9VGkpzz+LIJNs8W/zM/L+7ctCkRrgbNnnR0xxw4bKOr0cW0N0Og=="
        },
        "ws": {
          "version": "3.3.3",
          "resolved": "https://registry.npmjs.org/ws/-/ws-3.3.3.tgz",
          "integrity": "sha512-nnWLa/NwZSt4KQJu51MYlCcSQ5g7INpOrOMt4XV8j4dqTXdmlUmSHQ8/oLC069ckre0fRsgfvsKwbTdtKLCDkA==",
          "requires": {
            "async-limiter": "~1.0.0",
            "safe-buffer": "~5.1.0",
            "ultron": "~1.1.0"
          }
        }
      }
    },
    "symbol-observable": {
      "version": "1.2.0",
      "resolved": "https://registry.npmjs.org/symbol-observable/-/symbol-observable-1.2.0.tgz",
      "integrity": "sha512-e900nM8RRtGhlV36KGEU9k65K3mPb1WV70OdjfxlG2EAuM1noi/E/BaW/uMhL7bPEssK8QV57vN3esixjUvcXQ=="
    },
    "toggle-selection": {
      "version": "1.0.6",
      "resolved": "https://registry.npmjs.org/toggle-selection/-/toggle-selection-1.0.6.tgz",
      "integrity": "sha1-bkWxJj8gF/oKzH2J14sVuL932jI="
    },
    "ua-parser-js": {
      "version": "0.7.19",
      "resolved": "https://registry.npmjs.org/ua-parser-js/-/ua-parser-js-0.7.19.tgz",
      "integrity": "sha512-T3PVJ6uz8i0HzPxOF9SWzWAlfN/DavlpQqepn22xgve/5QecC+XMCAtmUNnY7C9StehaV6exjUCI801lOI7QlQ=="
    },
    "uc.micro": {
      "version": "1.0.6",
      "resolved": "https://registry.npmjs.org/uc.micro/-/uc.micro-1.0.6.tgz",
      "integrity": "sha512-8Y75pvTYkLJW2hWQHXxoqRgV7qb9B+9vFEtidML+7koHUFapnVJAZ6cKs+Qjz5Aw3aZWHMC6u0wJE3At+nSGwA=="
    },
    "ultron": {
      "version": "1.0.2",
      "resolved": "https://registry.npmjs.org/ultron/-/ultron-1.0.2.tgz",
      "integrity": "sha1-rOEWq1V80Zc4ak6I9GhTeMiy5Po="
    },
    "whatwg-fetch": {
      "version": "2.0.4",
      "resolved": "http://registry.npmjs.org/whatwg-fetch/-/whatwg-fetch-2.0.4.tgz",
      "integrity": "sha512-dcQ1GWpOD/eEQ97k66aiEVpNnapVj90/+R+SXTPYGHpYBBypfKJEQjLrvMZ7YXbKm21gXd4NcuxUTjiv1YtLng=="
    },
    "ws": {
      "version": "1.1.5",
      "resolved": "https://registry.npmjs.org/ws/-/ws-1.1.5.tgz",
      "integrity": "sha512-o3KqipXNUdS7wpQzBHSe180lBGO60SoK0yVo3CYJgb2MkobuWuBX6dhkYP5ORCLd55y+SaflMOV5fqAB53ux4w==",
      "requires": {
        "options": ">=0.0.5",
        "ultron": "1.0.x"
      }
    }
  }
}
