{
  "name": "graphiql-packaged",
  "version": "1.0.0",
  "lockfileVersion": 2,
  "requires": true,
  "packages": {
    "": {
      "name": "graphiql-packaged",
      "version": "1.0.0",
      "dependencies": {
        "es6-promise": "4.2.8",
        "graphiql": "1.4.2",
        "graphiql-subscriptions-fetcher": "0.0.2",
        "graphql": "15.5.0",
        "js-yaml": "4.1.0",
        "react": "16.14.0",
        "react-dom": "16.14.0",
        "subscriptions-transport-ws": "0.9.19"
      }
    },
    "node_modules/@graphiql/toolkit": {
      "version": "0.2.2",
      "resolved": "https://registry.npmjs.org/@graphiql/toolkit/-/toolkit-0.2.2.tgz",
      "integrity": "sha512-kDgYhqnS4p4LqSo1KvLd3tbX8Hhdj0ZrgQuGsosjjEnahiPYmmylxUL1p9lj6348OsypcTlCncGpEjeb9S3TiQ==",
      "dependencies": {
        "@n1ru4l/push-pull-async-iterable-iterator": "^2.1.4",
        "graphql-ws": "^4.3.2",
        "meros": "^1.1.4"
      },
      "optionalDependencies": {
        "subscriptions-transport-ws": "^0.9.18"
      },
      "peerDependencies": {
        "graphql": ">= v14.5.0 <= 15.5.0"
      }
    },
    "node_modules/@n1ru4l/push-pull-async-iterable-iterator": {
      "version": "2.1.4",
      "resolved": "https://registry.npmjs.org/@n1ru4l/push-pull-async-iterable-iterator/-/push-pull-async-iterable-iterator-2.1.4.tgz",
      "integrity": "sha512-qLIvoOUJ+zritv+BlzcBMePKNjKQzH9Rb2i9W98YXxf/M62Lye8qH0peyiU8yJ1tL0kfulWi31BoK10E6BKJeA==",
      "engines": {
        "node": ">=10"
      }
    },
    "node_modules/@types/node": {
      "version": "15.12.2",
      "resolved": "https://registry.npmjs.org/@types/node/-/node-15.12.2.tgz",
      "integrity": "sha512-zjQ69G564OCIWIOHSXyQEEDpdpGl+G348RAKY0XXy9Z5kU9Vzv1GMNnkar/ZJ8dzXB3COzD9Mo9NtRZ4xfgUww=="
    },
    "node_modules/@types/ws": {
      "version": "0.0.38",
      "resolved": "https://registry.npmjs.org/@types/ws/-/ws-0.0.38.tgz",
      "integrity": "sha1-QhBv/0tCLKlWc04p8Nc6bYkxlNM=",
      "dependencies": {
        "@types/node": "*"
      }
    },
    "node_modules/argparse": {
      "version": "1.0.10",
      "resolved": "https://registry.npmjs.org/argparse/-/argparse-1.0.10.tgz",
      "integrity": "sha512-o5Roy6tNG4SL/FOkCAN6RzjiakZS25RLYFrcMttJqbdd8BWrnA+fGz57iN5Pb06pvBGvl5gQ0B48dJlslXvoTg==",
      "dependencies": {
        "sprintf-js": "~1.0.2"
      }
    },
    "node_modules/backo2": {
      "version": "1.0.2",
      "resolved": "https://registry.npmjs.org/backo2/-/backo2-1.0.2.tgz",
      "integrity": "sha1-MasayLEpNjRj41s+u2n038+6eUc="
    },
    "node_modules/codemirror": {
      "version": "5.61.1",
      "resolved": "https://registry.npmjs.org/codemirror/-/codemirror-5.61.1.tgz",
      "integrity": "sha512-+D1NZjAucuzE93vJGbAaXzvoBHwp9nJZWWWF9utjv25+5AZUiah6CIlfb4ikG4MoDsFsCG8niiJH5++OO2LgIQ=="
    },
    "node_modules/codemirror-graphql": {
      "version": "1.0.2",
      "resolved": "https://registry.npmjs.org/codemirror-graphql/-/codemirror-graphql-1.0.2.tgz",
      "integrity": "sha512-D4+BdYa6iQnDlio4mBk1Yap5ROCqEWapSFLkiKGatx/I0dF6euzdwd0um3Ndudw6rFQbNuT7hpcH8tnBO6VOfQ==",
      "dependencies": {
        "graphql-language-service-interface": "^2.8.2",
        "graphql-language-service-parser": "^1.9.0"
      },
      "peerDependencies": {
        "codemirror": "^5.54.0",
        "graphql": ">= v14.5.0 <= 15.5.0"
      }
    },
    "node_modules/copy-to-clipboard": {
      "version": "3.3.1",
      "resolved": "https://registry.npmjs.org/copy-to-clipboard/-/copy-to-clipboard-3.3.1.tgz",
      "integrity": "sha512-i13qo6kIHTTpCm8/Wup+0b1mVWETvu2kIMzKoK8FpkLkFxlt0znUAHcMzox+T8sPlqtZXq3CulEjQHsYiGFJUw==",
      "dependencies": {
        "toggle-selection": "^1.0.6"
      }
    },
    "node_modules/dset": {
      "version": "3.1.0",
      "resolved": "https://registry.npmjs.org/dset/-/dset-3.1.0.tgz",
      "integrity": "sha512-7xTQ5DzyE59Nn+7ZgXDXjKAGSGmXZHqttMVVz1r4QNfmGpyj+cm2YtI3II0c/+4zS4a9yq2mBhgdeq2QnpcYlw==",
      "engines": {
        "node": ">=4"
      }
    },
    "node_modules/entities": {
      "version": "2.0.0",
      "resolved": "https://registry.npmjs.org/entities/-/entities-2.0.0.tgz",
      "integrity": "sha512-D9f7V0JSRwIxlRI2mjMqufDrRDnx8p+eEOz7aUM9SuvF8gsBzra0/6tbjl1m8eQHrZlYj6PxqE00hZ1SAIKPLw=="
    },
    "node_modules/es6-promise": {
      "version": "4.2.8",
      "resolved": "https://registry.npmjs.org/es6-promise/-/es6-promise-4.2.8.tgz",
      "integrity": "sha512-HJDGx5daxeIvxdBxvG2cb9g4tEvwIk3i8+nhX0yGrYmZUzbkdg8QbDevheDB8gd0//uPj4c1EQua8Q+MViT0/w=="
    },
    "node_modules/eventemitter3": {
      "version": "2.0.3",
      "resolved": "https://registry.npmjs.org/eventemitter3/-/eventemitter3-2.0.3.tgz",
      "integrity": "sha1-teEHm1n7XhuidxwKmTvgYKWMmbo="
    },
    "node_modules/graphiql": {
      "version": "1.4.2",
      "resolved": "https://registry.npmjs.org/graphiql/-/graphiql-1.4.2.tgz",
      "integrity": "sha512-TQDuuU/ZqTWV1yQDpVEiKskg0IYA+Wck37DYrrFzLlpgZWRbWiyab1PyHKiRep7J540CgScBg6C/gGCymKyO3g==",
      "dependencies": {
        "@graphiql/toolkit": "^0.2.0",
        "codemirror": "^5.54.0",
        "codemirror-graphql": "^1.0.0",
        "copy-to-clipboard": "^3.2.0",
        "dset": "^3.1.0",
        "entities": "^2.0.0",
        "graphql-language-service": "^3.1.2",
        "markdown-it": "^10.0.0"
      },
      "peerDependencies": {
        "graphql": ">= v14.5.0 <= 15.5.0",
        "react": "^16.8.0",
        "react-dom": "^16.8.0"
      }
    },
    "node_modules/graphiql-subscriptions-fetcher": {
      "version": "0.0.2",
      "resolved": "https://registry.npmjs.org/graphiql-subscriptions-fetcher/-/graphiql-subscriptions-fetcher-0.0.2.tgz",
      "integrity": "sha1-Tmy8sUdMLXaxE1XVdndC0eQpEWI=",
      "dependencies": {
        "graphql": "^0.9.1",
        "subscriptions-transport-ws": "0.5.4"
      }
    },
    "node_modules/graphiql-subscriptions-fetcher/node_modules/graphql": {
      "version": "0.9.6",
      "resolved": "https://registry.npmjs.org/graphql/-/graphql-0.9.6.tgz",
      "integrity": "sha1-UUQh6dIlwp38j9MFRZq65YgV7yw=",
      "dependencies": {
        "iterall": "^1.0.0"
      }
    },
    "node_modules/graphiql-subscriptions-fetcher/node_modules/subscriptions-transport-ws": {
      "version": "0.5.4",
      "resolved": "https://registry.npmjs.org/subscriptions-transport-ws/-/subscriptions-transport-ws-0.5.4.tgz",
      "integrity": "sha1-EJHlXnO/8NaRqGVwrCuX/2+zXPw=",
      "dependencies": {
        "@types/ws": "0.0.38",
        "backo2": "^1.0.2",
        "eventemitter3": "^2.0.2",
        "graphql-subscriptions": "^0.3.0",
        "graphql-tag": "^1.2.4",
        "lodash.isobject": "^3.0.2",
        "lodash.isstring": "^4.0.1",
        "ws": "^1.1.0"
      }
    },
    "node_modules/graphql": {
      "version": "15.5.0",
      "resolved": "https://registry.npmjs.org/graphql/-/graphql-15.5.0.tgz",
      "integrity": "sha512-OmaM7y0kaK31NKG31q4YbD2beNYa6jBBKtMFT6gLYJljHLJr42IqJ8KX08u3Li/0ifzTU5HjmoOOrwa5BRLeDA==",
      "engines": {
        "node": ">= 10.x"
      }
    },
    "node_modules/graphql-language-service": {
      "version": "3.1.4",
      "resolved": "https://registry.npmjs.org/graphql-language-service/-/graphql-language-service-3.1.4.tgz",
      "integrity": "sha512-AF98AT4wLxkE9q1gRf20Yn0EPgd5SctRiw1IkGFivPr98pEX0sKqUcIcIHePn2mxqf73jlWUJV5v6l/CB1gdqQ==",
      "dependencies": {
        "graphql-language-service-interface": "^2.8.2",
        "graphql-language-service-types": "^1.8.0"
      },
      "bin": {
        "graphql": "dist/temp-bin.js"
      },
      "peerDependencies": {
        "graphql": ">= v14.5.0 <= 15.5.0"
      }
    },
    "node_modules/graphql-language-service-interface": {
      "version": "2.8.4",
      "resolved": "https://registry.npmjs.org/graphql-language-service-interface/-/graphql-language-service-interface-2.8.4.tgz",
      "integrity": "sha512-myW8z7HOZkYfhYGKDc0URFkTZChp41Po890W92zuBIhGccckgtiWSJGXaLX+r9QAwVIeZhKaNgEacsyvQb1f/g==",
      "dependencies": {
        "graphql-language-service-parser": "^1.9.0",
        "graphql-language-service-types": "^1.8.0",
        "graphql-language-service-utils": "^2.5.1",
        "vscode-languageserver-types": "^3.15.1"
      },
      "peerDependencies": {
        "graphql": ">= v14.5.0 <= 15.5.0"
      }
    },
    "node_modules/graphql-language-service-parser": {
      "version": "1.9.2",
      "resolved": "https://registry.npmjs.org/graphql-language-service-parser/-/graphql-language-service-parser-1.9.2.tgz",
      "integrity": "sha512-3txms73cJsXDfJQdR5hI83N2rpTuq9FD6aijdrXAeSuI5B60g32DxjelUkt4Ge+2BvBEDLn5ppXlpVYDC9UQHQ==",
      "dependencies": {
        "graphql-language-service-types": "^1.8.0"
      },
      "peerDependencies": {
        "graphql": ">= v14.5.0 <= 15.5.0"
      }
    },
    "node_modules/graphql-language-service-types": {
      "version": "1.8.2",
      "resolved": "https://registry.npmjs.org/graphql-language-service-types/-/graphql-language-service-types-1.8.2.tgz",
      "integrity": "sha512-Sj07RHnMwAhEvAt7Jdt1l/x56ZpoNh+V6g+T58CF6GiYqI5l4vXqqRB4d4xHDcNQX98GpJfnf3o8BqPgP3C5Sw==",
      "peerDependencies": {
        "graphql": ">= v14.5.0 <= 15.5.0"
      }
    },
    "node_modules/graphql-language-service-utils": {
      "version": "2.5.3",
      "resolved": "https://registry.npmjs.org/graphql-language-service-utils/-/graphql-language-service-utils-2.5.3.tgz",
      "integrity": "sha512-ydevEZ0AgzEKQF3hiCbLXuS0o7189Ww/T30WtCKCLaRHDYk9Yyb2PZWdhSTWLxYZTaX2TccV6NtFWvzIC7UP3g==",
      "dependencies": {
        "graphql-language-service-types": "^1.8.0",
        "nullthrows": "^1.0.0"
      },
      "peerDependencies": {
        "graphql": ">= v14.5.0 <= 15.5.0"
      }
    },
    "node_modules/graphql-subscriptions": {
      "version": "0.3.1",
      "resolved": "https://registry.npmjs.org/graphql-subscriptions/-/graphql-subscriptions-0.3.1.tgz",
      "integrity": "sha1-DO3C1QdCDPJs9BQICwefBUAvAwM=",
      "dependencies": {
        "es6-promise": "^3.2.1"
      }
    },
    "node_modules/graphql-subscriptions/node_modules/es6-promise": {
      "version": "3.3.1",
      "resolved": "https://registry.npmjs.org/es6-promise/-/es6-promise-3.3.1.tgz",
      "integrity": "sha1-oIzd6EzNvzTQJ6FFG8kdS80ophM="
    },
    "node_modules/graphql-tag": {
      "version": "1.3.2",
      "resolved": "https://registry.npmjs.org/graphql-tag/-/graphql-tag-1.3.2.tgz",
      "integrity": "sha1-ers6j9nzQV0HFjMU7SNwYceFt1k="
    },
    "node_modules/graphql-ws": {
      "version": "4.9.0",
      "resolved": "https://registry.npmjs.org/graphql-ws/-/graphql-ws-4.9.0.tgz",
      "integrity": "sha512-sHkK9+lUm20/BGawNEWNtVAeJzhZeBg21VmvmLoT5NdGVeZWv5PdIhkcayQIAgjSyyQ17WMKmbDijIPG2On+Ag==",
      "engines": {
        "node": ">=10"
      },
      "peerDependencies": {
        "graphql": ">=0.11 <=15"
      }
    },
    "node_modules/iterall": {
      "version": "1.2.2",
      "resolved": "https://registry.npmjs.org/iterall/-/iterall-1.2.2.tgz",
      "integrity": "sha512-yynBb1g+RFUPY64fTrFv7nsjRrENBQJaX2UL+2Szc9REFrSNm1rpSXHGzhmAy7a9uv3vlvgBlXnf9RqmPH1/DA=="
    },
    "node_modules/js-tokens": {
      "version": "4.0.0",
      "resolved": "https://registry.npmjs.org/js-tokens/-/js-tokens-4.0.0.tgz",
      "integrity": "sha512-RdJUflcE3cUzKiMqQgsCu06FPu9UdIJO0beYbPhHN4k6apgJtifcoCtT9bcxOpYBtpD2kCM6Sbzg4CausW/PKQ=="
    },
    "node_modules/js-yaml": {
      "version": "4.1.0",
      "resolved": "https://registry.npmjs.org/js-yaml/-/js-yaml-4.1.0.tgz",
      "integrity": "sha512-wpxZs9NoxZaJESJGIZTyDEaYpl0FKSA+FB9aJiyemKhMwkxQg63h4T1KJgUGHpTqPDNRcmmYLugrRjJlBtWvRA==",
      "dependencies": {
        "argparse": "^2.0.1"
      },
      "bin": {
        "js-yaml": "bin/js-yaml.js"
      }
    },
    "node_modules/js-yaml/node_modules/argparse": {
      "version": "2.0.1",
      "resolved": "https://registry.npmjs.org/argparse/-/argparse-2.0.1.tgz",
      "integrity": "sha512-8+9WqebbFzpX9OR+Wa6O29asIogeRMzcGtAINdpMHHyAg10f05aSFVBbcEqGf/PXw1EjAZ+q2/bEBg3DvurK3Q=="
    },
    "node_modules/linkify-it": {
      "version": "2.2.0",
      "resolved": "https://registry.npmjs.org/linkify-it/-/linkify-it-2.2.0.tgz",
      "integrity": "sha512-GnAl/knGn+i1U/wjBz3akz2stz+HrHLsxMwHQGofCDfPvlf+gDKN58UtfmUquTY4/MXeE2x7k19KQmeoZi94Iw==",
      "dependencies": {
        "uc.micro": "^1.0.1"
      }
    },
    "node_modules/lodash.isobject": {
      "version": "3.0.2",
      "resolved": "https://registry.npmjs.org/lodash.isobject/-/lodash.isobject-3.0.2.tgz",
      "integrity": "sha1-PI+41bW/S/kK4G4U8qUwpO2TXh0="
    },
    "node_modules/lodash.isstring": {
      "version": "4.0.1",
      "resolved": "https://registry.npmjs.org/lodash.isstring/-/lodash.isstring-4.0.1.tgz",
      "integrity": "sha1-1SfftUVuynzJu5XV2ur4i6VKVFE="
    },
    "node_modules/loose-envify": {
      "version": "1.4.0",
      "resolved": "https://registry.npmjs.org/loose-envify/-/loose-envify-1.4.0.tgz",
      "integrity": "sha512-lyuxPGr/Wfhrlem2CL/UcnUc1zcqKAImBDzukY7Y5F/yQiNdko6+fRLevlw1HgMySw7f611UIY408EtxRSoK3Q==",
      "dependencies": {
        "js-tokens": "^3.0.0 || ^4.0.0"
      },
      "bin": {
        "loose-envify": "cli.js"
      }
    },
    "node_modules/markdown-it": {
      "version": "10.0.0",
      "resolved": "https://registry.npmjs.org/markdown-it/-/markdown-it-10.0.0.tgz",
      "integrity": "sha512-YWOP1j7UbDNz+TumYP1kpwnP0aEa711cJjrAQrzd0UXlbJfc5aAq0F/PZHjiioqDC1NKgvIMX+o+9Bk7yuM2dg==",
      "dependencies": {
        "argparse": "^1.0.7",
        "entities": "~2.0.0",
        "linkify-it": "^2.0.0",
        "mdurl": "^1.0.1",
        "uc.micro": "^1.0.5"
      },
      "bin": {
        "markdown-it": "bin/markdown-it.js"
      }
    },
    "node_modules/mdurl": {
      "version": "1.0.1",
      "resolved": "https://registry.npmjs.org/mdurl/-/mdurl-1.0.1.tgz",
      "integrity": "sha1-/oWy7HWlkDfyrf7BAP1sYBdhFS4="
    },
    "node_modules/meros": {
      "version": "1.1.4",
      "resolved": "https://registry.npmjs.org/meros/-/meros-1.1.4.tgz",
      "integrity": "sha512-E9ZXfK9iQfG9s73ars9qvvvbSIkJZF5yOo9j4tcwM5tN8mUKfj/EKN5PzOr3ZH0y5wL7dLAHw3RVEfpQV9Q7VQ==",
      "engines": {
        "node": ">=12"
      },
      "peerDependencies": {
        "@types/node": ">=12"
      },
      "peerDependenciesMeta": {
        "@types/node": {
          "optional": true
        }
      }
    },
    "node_modules/nullthrows": {
      "version": "1.1.1",
      "resolved": "https://registry.npmjs.org/nullthrows/-/nullthrows-1.1.1.tgz",
      "integrity": "sha512-2vPPEi+Z7WqML2jZYddDIfy5Dqb0r2fze2zTxNNknZaFpVHU3mFB3R+DWeJWGVx0ecvttSGlJTI+WG+8Z4cDWw=="
    },
    "node_modules/object-assign": {
      "version": "4.1.1",
      "resolved": "https://registry.npmjs.org/object-assign/-/object-assign-4.1.1.tgz",
      "integrity": "sha1-IQmtx5ZYh8/AXLvUQsrIv7s2CGM=",
      "engines": {
        "node": ">=0.10.0"
      }
    },
    "node_modules/options": {
      "version": "0.0.6",
      "resolved": "https://registry.npmjs.org/options/-/options-0.0.6.tgz",
      "integrity": "sha1-7CLTEoBrtT5zF3Pnza788cZDEo8=",
      "engines": {
        "node": ">=0.4.0"
      }
    },
    "node_modules/prop-types": {
      "version": "15.7.2",
      "resolved": "https://registry.npmjs.org/prop-types/-/prop-types-15.7.2.tgz",
      "integrity": "sha512-8QQikdH7//R2vurIJSutZ1smHYTcLpRWEOlHnzcWHmBYrOGUysKwSsrC89BCiFj3CbrfJ/nXFdJepOVrY1GCHQ==",
      "dependencies": {
        "loose-envify": "^1.4.0",
        "object-assign": "^4.1.1",
        "react-is": "^16.8.1"
      }
    },
    "node_modules/react": {
      "version": "16.14.0",
      "resolved": "https://registry.npmjs.org/react/-/react-16.14.0.tgz",
      "integrity": "sha512-0X2CImDkJGApiAlcf0ODKIneSwBPhqJawOa5wCtKbu7ZECrmS26NvtSILynQ66cgkT/RJ4LidJOc3bUESwmU8g==",
      "dependencies": {
        "loose-envify": "^1.1.0",
        "object-assign": "^4.1.1",
        "prop-types": "^15.6.2"
      },
      "engines": {
        "node": ">=0.10.0"
      }
    },
    "node_modules/react-dom": {
      "version": "16.14.0",
      "resolved": "https://registry.npmjs.org/react-dom/-/react-dom-16.14.0.tgz",
      "integrity": "sha512-1gCeQXDLoIqMgqD3IO2Ah9bnf0w9kzhwN5q4FGnHZ67hBm9yePzB5JJAIQCc8x3pFnNlwFq4RidZggNAAkzWWw==",
      "dependencies": {
        "loose-envify": "^1.1.0",
        "object-assign": "^4.1.1",
        "prop-types": "^15.6.2",
        "scheduler": "^0.19.1"
      },
      "peerDependencies": {
        "react": "^16.14.0"
      }
    },
    "node_modules/react-is": {
      "version": "16.13.1",
      "resolved": "https://registry.npmjs.org/react-is/-/react-is-16.13.1.tgz",
      "integrity": "sha512-24e6ynE2H+OKt4kqsOvNd8kBpV65zoxbA4BVsEOB3ARVWQki/DHzaUoC5KuON/BiccDaCCTZBuOcfZs70kR8bQ=="
    },
    "node_modules/scheduler": {
      "version": "0.19.1",
      "resolved": "https://registry.npmjs.org/scheduler/-/scheduler-0.19.1.tgz",
      "integrity": "sha512-n/zwRWRYSUj0/3g/otKDRPMh6qv2SYMWNq85IEa8iZyAv8od9zDYpGSnpBEjNgcMNq6Scbu5KfIPxNF72R/2EA==",
      "dependencies": {
        "loose-envify": "^1.1.0",
        "object-assign": "^4.1.1"
      }
    },
    "node_modules/sprintf-js": {
      "version": "1.0.3",
      "resolved": "https://registry.npmjs.org/sprintf-js/-/sprintf-js-1.0.3.tgz",
      "integrity": "sha1-BOaSb2YolTVPPdAVIDYzuFcpfiw="
    },
    "node_modules/subscriptions-transport-ws": {
      "version": "0.9.19",
      "resolved": "https://registry.npmjs.org/subscriptions-transport-ws/-/subscriptions-transport-ws-0.9.19.tgz",
      "integrity": "sha512-dxdemxFFB0ppCLg10FTtRqH/31FNRL1y1BQv8209MK5I4CwALb7iihQg+7p65lFcIl8MHatINWBLOqpgU4Kyyw==",
      "dependencies": {
        "backo2": "^1.0.2",
        "eventemitter3": "^3.1.0",
        "iterall": "^1.2.1",
        "symbol-observable": "^1.0.4",
        "ws": "^5.2.0 || ^6.0.0 || ^7.0.0"
      },
      "peerDependencies": {
        "graphql": ">=0.10.0"
      }
    },
    "node_modules/subscriptions-transport-ws/node_modules/eventemitter3": {
      "version": "3.1.2",
      "resolved": "https://registry.npmjs.org/eventemitter3/-/eventemitter3-3.1.2.tgz",
      "integrity": "sha512-tvtQIeLVHjDkJYnzf2dgVMxfuSGJeM/7UCG17TT4EumTfNtF+0nebF/4zWOIkCreAbtNqhGEboB6BWrwqNaw4Q=="
    },
    "node_modules/subscriptions-transport-ws/node_modules/ws": {
      "version": "7.4.6",
      "resolved": "https://registry.npmjs.org/ws/-/ws-7.4.6.tgz",
      "integrity": "sha512-YmhHDO4MzaDLB+M9ym/mDA5z0naX8j7SIlT8f8z+I0VtzsRbekxEutHSme7NPS2qE8StCYQNUnfWdXta/Yu85A==",
      "engines": {
        "node": ">=8.3.0"
      },
      "peerDependencies": {
        "bufferutil": "^4.0.1",
        "utf-8-validate": "^5.0.2"
      },
      "peerDependenciesMeta": {
        "bufferutil": {
          "optional": true
        },
        "utf-8-validate": {
          "optional": true
        }
      }
    },
    "node_modules/symbol-observable": {
      "version": "1.2.0",
      "resolved": "https://registry.npmjs.org/symbol-observable/-/symbol-observable-1.2.0.tgz",
      "integrity": "sha512-e900nM8RRtGhlV36KGEU9k65K3mPb1WV70OdjfxlG2EAuM1noi/E/BaW/uMhL7bPEssK8QV57vN3esixjUvcXQ==",
      "engines": {
        "node": ">=0.10.0"
      }
    },
    "node_modules/toggle-selection": {
      "version": "1.0.6",
      "resolved": "https://registry.npmjs.org/toggle-selection/-/toggle-selection-1.0.6.tgz",
      "integrity": "sha1-bkWxJj8gF/oKzH2J14sVuL932jI="
    },
    "node_modules/uc.micro": {
      "version": "1.0.6",
      "resolved": "https://registry.npmjs.org/uc.micro/-/uc.micro-1.0.6.tgz",
      "integrity": "sha512-8Y75pvTYkLJW2hWQHXxoqRgV7qb9B+9vFEtidML+7koHUFapnVJAZ6cKs+Qjz5Aw3aZWHMC6u0wJE3At+nSGwA=="
    },
    "node_modules/ultron": {
      "version": "1.0.2",
      "resolved": "https://registry.npmjs.org/ultron/-/ultron-1.0.2.tgz",
      "integrity": "sha1-rOEWq1V80Zc4ak6I9GhTeMiy5Po="
    },
    "node_modules/vscode-languageserver-types": {
      "version": "3.16.0",
      "resolved": "https://registry.npmjs.org/vscode-languageserver-types/-/vscode-languageserver-types-3.16.0.tgz",
      "integrity": "sha512-k8luDIWJWyenLc5ToFQQMaSrqCHiLwyKPHKPQZ5zz21vM+vIVUSvsRpcbiECH4WR88K2XZqc4ScRcZ7nk/jbeA=="
    },
    "node_modules/ws": {
      "version": "1.1.5",
      "resolved": "https://registry.npmjs.org/ws/-/ws-1.1.5.tgz",
      "integrity": "sha512-o3KqipXNUdS7wpQzBHSe180lBGO60SoK0yVo3CYJgb2MkobuWuBX6dhkYP5ORCLd55y+SaflMOV5fqAB53ux4w==",
      "dependencies": {
        "options": ">=0.0.5",
        "ultron": "1.0.x"
      }
    }
  },
  "dependencies": {
    "@graphiql/toolkit": {
      "version": "0.2.2",
      "resolved": "https://registry.npmjs.org/@graphiql/toolkit/-/toolkit-0.2.2.tgz",
      "integrity": "sha512-kDgYhqnS4p4LqSo1KvLd3tbX8Hhdj0ZrgQuGsosjjEnahiPYmmylxUL1p9lj6348OsypcTlCncGpEjeb9S3TiQ==",
      "requires": {
        "@n1ru4l/push-pull-async-iterable-iterator": "^2.1.4",
        "graphql-ws": "^4.3.2",
        "meros": "^1.1.4",
        "subscriptions-transport-ws": "^0.9.18"
      }
    },
    "@n1ru4l/push-pull-async-iterable-iterator": {
      "version": "2.1.4",
      "resolved": "https://registry.npmjs.org/@n1ru4l/push-pull-async-iterable-iterator/-/push-pull-async-iterable-iterator-2.1.4.tgz",
      "integrity": "sha512-qLIvoOUJ+zritv+BlzcBMePKNjKQzH9Rb2i9W98YXxf/M62Lye8qH0peyiU8yJ1tL0kfulWi31BoK10E6BKJeA=="
    },
    "@types/node": {
      "version": "15.12.2",
      "resolved": "https://registry.npmjs.org/@types/node/-/node-15.12.2.tgz",
      "integrity": "sha512-zjQ69G564OCIWIOHSXyQEEDpdpGl+G348RAKY0XXy9Z5kU9Vzv1GMNnkar/ZJ8dzXB3COzD9Mo9NtRZ4xfgUww=="
    },
    "@types/ws": {
      "version": "0.0.38",
      "resolved": "https://registry.npmjs.org/@types/ws/-/ws-0.0.38.tgz",
      "integrity": "sha1-QhBv/0tCLKlWc04p8Nc6bYkxlNM=",
      "requires": {
        "@types/node": "*"
      }
    },
    "argparse": {
      "version": "1.0.10",
      "resolved": "https://registry.npmjs.org/argparse/-/argparse-1.0.10.tgz",
      "integrity": "sha512-o5Roy6tNG4SL/FOkCAN6RzjiakZS25RLYFrcMttJqbdd8BWrnA+fGz57iN5Pb06pvBGvl5gQ0B48dJlslXvoTg==",
      "requires": {
        "sprintf-js": "~1.0.2"
      }
    },
    "backo2": {
      "version": "1.0.2",
      "resolved": "https://registry.npmjs.org/backo2/-/backo2-1.0.2.tgz",
      "integrity": "sha1-MasayLEpNjRj41s+u2n038+6eUc="
    },
    "codemirror": {
      "version": "5.61.1",
      "resolved": "https://registry.npmjs.org/codemirror/-/codemirror-5.61.1.tgz",
      "integrity": "sha512-+D1NZjAucuzE93vJGbAaXzvoBHwp9nJZWWWF9utjv25+5AZUiah6CIlfb4ikG4MoDsFsCG8niiJH5++OO2LgIQ=="
    },
    "codemirror-graphql": {
      "version": "1.0.2",
      "resolved": "https://registry.npmjs.org/codemirror-graphql/-/codemirror-graphql-1.0.2.tgz",
      "integrity": "sha512-D4+BdYa6iQnDlio4mBk1Yap5ROCqEWapSFLkiKGatx/I0dF6euzdwd0um3Ndudw6rFQbNuT7hpcH8tnBO6VOfQ==",
      "requires": {
        "graphql-language-service-interface": "^2.8.2",
        "graphql-language-service-parser": "^1.9.0"
      }
    },
    "copy-to-clipboard": {
      "version": "3.3.1",
      "resolved": "https://registry.npmjs.org/copy-to-clipboard/-/copy-to-clipboard-3.3.1.tgz",
      "integrity": "sha512-i13qo6kIHTTpCm8/Wup+0b1mVWETvu2kIMzKoK8FpkLkFxlt0znUAHcMzox+T8sPlqtZXq3CulEjQHsYiGFJUw==",
      "requires": {
        "toggle-selection": "^1.0.6"
      }
    },
    "dset": {
      "version": "3.1.0",
      "resolved": "https://registry.npmjs.org/dset/-/dset-3.1.0.tgz",
      "integrity": "sha512-7xTQ5DzyE59Nn+7ZgXDXjKAGSGmXZHqttMVVz1r4QNfmGpyj+cm2YtI3II0c/+4zS4a9yq2mBhgdeq2QnpcYlw=="
    },
    "entities": {
      "version": "2.0.0",
      "resolved": "https://registry.npmjs.org/entities/-/entities-2.0.0.tgz",
      "integrity": "sha512-D9f7V0JSRwIxlRI2mjMqufDrRDnx8p+eEOz7aUM9SuvF8gsBzra0/6tbjl1m8eQHrZlYj6PxqE00hZ1SAIKPLw=="
    },
    "es6-promise": {
      "version": "4.2.8",
      "resolved": "https://registry.npmjs.org/es6-promise/-/es6-promise-4.2.8.tgz",
      "integrity": "sha512-HJDGx5daxeIvxdBxvG2cb9g4tEvwIk3i8+nhX0yGrYmZUzbkdg8QbDevheDB8gd0//uPj4c1EQua8Q+MViT0/w=="
    },
    "eventemitter3": {
      "version": "2.0.3",
      "resolved": "https://registry.npmjs.org/eventemitter3/-/eventemitter3-2.0.3.tgz",
      "integrity": "sha1-teEHm1n7XhuidxwKmTvgYKWMmbo="
    },
    "graphiql": {
      "version": "1.4.2",
      "resolved": "https://registry.npmjs.org/graphiql/-/graphiql-1.4.2.tgz",
      "integrity": "sha512-TQDuuU/ZqTWV1yQDpVEiKskg0IYA+Wck37DYrrFzLlpgZWRbWiyab1PyHKiRep7J540CgScBg6C/gGCymKyO3g==",
      "requires": {
        "@graphiql/toolkit": "^0.2.0",
        "codemirror": "^5.54.0",
        "codemirror-graphql": "^1.0.0",
        "copy-to-clipboard": "^3.2.0",
        "dset": "^3.1.0",
        "entities": "^2.0.0",
        "graphql-language-service": "^3.1.2",
        "markdown-it": "^10.0.0"
      }
    },
    "graphiql-subscriptions-fetcher": {
      "version": "0.0.2",
      "resolved": "https://registry.npmjs.org/graphiql-subscriptions-fetcher/-/graphiql-subscriptions-fetcher-0.0.2.tgz",
      "integrity": "sha1-Tmy8sUdMLXaxE1XVdndC0eQpEWI=",
      "requires": {
        "graphql": "^0.9.1",
        "subscriptions-transport-ws": "0.5.4"
      },
      "dependencies": {
        "graphql": {
          "version": "0.9.6",
          "resolved": "https://registry.npmjs.org/graphql/-/graphql-0.9.6.tgz",
          "integrity": "sha1-UUQh6dIlwp38j9MFRZq65YgV7yw=",
          "requires": {
            "iterall": "^1.0.0"
          }
        },
        "subscriptions-transport-ws": {
          "version": "0.5.4",
          "resolved": "https://registry.npmjs.org/subscriptions-transport-ws/-/subscriptions-transport-ws-0.5.4.tgz",
          "integrity": "sha1-EJHlXnO/8NaRqGVwrCuX/2+zXPw=",
          "requires": {
            "@types/ws": "0.0.38",
            "backo2": "^1.0.2",
            "eventemitter3": "^2.0.2",
            "graphql-subscriptions": "^0.3.0",
            "graphql-tag": "^1.2.4",
            "lodash.isobject": "^3.0.2",
            "lodash.isstring": "^4.0.1",
            "ws": "^1.1.0"
          }
        }
      }
    },
    "graphql": {
      "version": "15.5.0",
      "resolved": "https://registry.npmjs.org/graphql/-/graphql-15.5.0.tgz",
      "integrity": "sha512-OmaM7y0kaK31NKG31q4YbD2beNYa6jBBKtMFT6gLYJljHLJr42IqJ8KX08u3Li/0ifzTU5HjmoOOrwa5BRLeDA=="
    },
    "graphql-language-service": {
      "version": "3.1.4",
      "resolved": "https://registry.npmjs.org/graphql-language-service/-/graphql-language-service-3.1.4.tgz",
      "integrity": "sha512-AF98AT4wLxkE9q1gRf20Yn0EPgd5SctRiw1IkGFivPr98pEX0sKqUcIcIHePn2mxqf73jlWUJV5v6l/CB1gdqQ==",
      "requires": {
        "graphql-language-service-interface": "^2.8.2",
        "graphql-language-service-types": "^1.8.0"
      }
    },
    "graphql-language-service-interface": {
      "version": "2.8.4",
      "resolved": "https://registry.npmjs.org/graphql-language-service-interface/-/graphql-language-service-interface-2.8.4.tgz",
      "integrity": "sha512-myW8z7HOZkYfhYGKDc0URFkTZChp41Po890W92zuBIhGccckgtiWSJGXaLX+r9QAwVIeZhKaNgEacsyvQb1f/g==",
      "requires": {
        "graphql-language-service-parser": "^1.9.0",
        "graphql-language-service-types": "^1.8.0",
        "graphql-language-service-utils": "^2.5.1",
        "vscode-languageserver-types": "^3.15.1"
      }
    },
    "graphql-language-service-parser": {
      "version": "1.9.2",
      "resolved": "https://registry.npmjs.org/graphql-language-service-parser/-/graphql-language-service-parser-1.9.2.tgz",
      "integrity": "sha512-3txms73cJsXDfJQdR5hI83N2rpTuq9FD6aijdrXAeSuI5B60g32DxjelUkt4Ge+2BvBEDLn5ppXlpVYDC9UQHQ==",
      "requires": {
        "graphql-language-service-types": "^1.8.0"
      }
    },
    "graphql-language-service-types": {
      "version": "1.8.2",
      "resolved": "https://registry.npmjs.org/graphql-language-service-types/-/graphql-language-service-types-1.8.2.tgz",
      "integrity": "sha512-Sj07RHnMwAhEvAt7Jdt1l/x56ZpoNh+V6g+T58CF6GiYqI5l4vXqqRB4d4xHDcNQX98GpJfnf3o8BqPgP3C5Sw==",
      "requires": {}
    },
    "graphql-language-service-utils": {
      "version": "2.5.3",
      "resolved": "https://registry.npmjs.org/graphql-language-service-utils/-/graphql-language-service-utils-2.5.3.tgz",
      "integrity": "sha512-ydevEZ0AgzEKQF3hiCbLXuS0o7189Ww/T30WtCKCLaRHDYk9Yyb2PZWdhSTWLxYZTaX2TccV6NtFWvzIC7UP3g==",
      "requires": {
        "graphql-language-service-types": "^1.8.0",
        "nullthrows": "^1.0.0"
      }
    },
    "graphql-subscriptions": {
      "version": "0.3.1",
      "resolved": "https://registry.npmjs.org/graphql-subscriptions/-/graphql-subscriptions-0.3.1.tgz",
      "integrity": "sha1-DO3C1QdCDPJs9BQICwefBUAvAwM=",
      "requires": {
        "es6-promise": "^3.2.1"
      },
      "dependencies": {
        "es6-promise": {
          "version": "3.3.1",
          "resolved": "https://registry.npmjs.org/es6-promise/-/es6-promise-3.3.1.tgz",
          "integrity": "sha1-oIzd6EzNvzTQJ6FFG8kdS80ophM="
        }
      }
    },
    "graphql-tag": {
      "version": "1.3.2",
      "resolved": "https://registry.npmjs.org/graphql-tag/-/graphql-tag-1.3.2.tgz",
      "integrity": "sha1-ers6j9nzQV0HFjMU7SNwYceFt1k="
    },
    "graphql-ws": {
      "version": "4.9.0",
      "resolved": "https://registry.npmjs.org/graphql-ws/-/graphql-ws-4.9.0.tgz",
      "integrity": "sha512-sHkK9+lUm20/BGawNEWNtVAeJzhZeBg21VmvmLoT5NdGVeZWv5PdIhkcayQIAgjSyyQ17WMKmbDijIPG2On+Ag==",
      "requires": {}
    },
    "iterall": {
      "version": "1.2.2",
      "resolved": "https://registry.npmjs.org/iterall/-/iterall-1.2.2.tgz",
      "integrity": "sha512-yynBb1g+RFUPY64fTrFv7nsjRrENBQJaX2UL+2Szc9REFrSNm1rpSXHGzhmAy7a9uv3vlvgBlXnf9RqmPH1/DA=="
    },
    "js-tokens": {
      "version": "4.0.0",
      "resolved": "https://registry.npmjs.org/js-tokens/-/js-tokens-4.0.0.tgz",
      "integrity": "sha512-RdJUflcE3cUzKiMqQgsCu06FPu9UdIJO0beYbPhHN4k6apgJtifcoCtT9bcxOpYBtpD2kCM6Sbzg4CausW/PKQ=="
    },
    "js-yaml": {
      "version": "4.1.0",
      "resolved": "https://registry.npmjs.org/js-yaml/-/js-yaml-4.1.0.tgz",
      "integrity": "sha512-wpxZs9NoxZaJESJGIZTyDEaYpl0FKSA+FB9aJiyemKhMwkxQg63h4T1KJgUGHpTqPDNRcmmYLugrRjJlBtWvRA==",
      "requires": {
        "argparse": "^2.0.1"
      },
      "dependencies": {
        "argparse": {
          "version": "2.0.1",
          "resolved": "https://registry.npmjs.org/argparse/-/argparse-2.0.1.tgz",
          "integrity": "sha512-8+9WqebbFzpX9OR+Wa6O29asIogeRMzcGtAINdpMHHyAg10f05aSFVBbcEqGf/PXw1EjAZ+q2/bEBg3DvurK3Q=="
        }
      }
    },
    "linkify-it": {
      "version": "2.2.0",
      "resolved": "https://registry.npmjs.org/linkify-it/-/linkify-it-2.2.0.tgz",
      "integrity": "sha512-GnAl/knGn+i1U/wjBz3akz2stz+HrHLsxMwHQGofCDfPvlf+gDKN58UtfmUquTY4/MXeE2x7k19KQmeoZi94Iw==",
      "requires": {
        "uc.micro": "^1.0.1"
      }
    },
    "lodash.isobject": {
      "version": "3.0.2",
      "resolved": "https://registry.npmjs.org/lodash.isobject/-/lodash.isobject-3.0.2.tgz",
      "integrity": "sha1-PI+41bW/S/kK4G4U8qUwpO2TXh0="
    },
    "lodash.isstring": {
      "version": "4.0.1",
      "resolved": "https://registry.npmjs.org/lodash.isstring/-/lodash.isstring-4.0.1.tgz",
      "integrity": "sha1-1SfftUVuynzJu5XV2ur4i6VKVFE="
    },
    "loose-envify": {
      "version": "1.4.0",
      "resolved": "https://registry.npmjs.org/loose-envify/-/loose-envify-1.4.0.tgz",
      "integrity": "sha512-lyuxPGr/Wfhrlem2CL/UcnUc1zcqKAImBDzukY7Y5F/yQiNdko6+fRLevlw1HgMySw7f611UIY408EtxRSoK3Q==",
      "requires": {
        "js-tokens": "^3.0.0 || ^4.0.0"
      }
    },
    "markdown-it": {
      "version": "10.0.0",
      "resolved": "https://registry.npmjs.org/markdown-it/-/markdown-it-10.0.0.tgz",
      "integrity": "sha512-YWOP1j7UbDNz+TumYP1kpwnP0aEa711cJjrAQrzd0UXlbJfc5aAq0F/PZHjiioqDC1NKgvIMX+o+9Bk7yuM2dg==",
      "requires": {
        "argparse": "^1.0.7",
        "entities": "~2.0.0",
        "linkify-it": "^2.0.0",
        "mdurl": "^1.0.1",
        "uc.micro": "^1.0.5"
      }
    },
    "mdurl": {
      "version": "1.0.1",
      "resolved": "https://registry.npmjs.org/mdurl/-/mdurl-1.0.1.tgz",
      "integrity": "sha1-/oWy7HWlkDfyrf7BAP1sYBdhFS4="
    },
    "meros": {
      "version": "1.1.4",
      "resolved": "https://registry.npmjs.org/meros/-/meros-1.1.4.tgz",
      "integrity": "sha512-E9ZXfK9iQfG9s73ars9qvvvbSIkJZF5yOo9j4tcwM5tN8mUKfj/EKN5PzOr3ZH0y5wL7dLAHw3RVEfpQV9Q7VQ==",
      "requires": {}
    },
    "nullthrows": {
      "version": "1.1.1",
      "resolved": "https://registry.npmjs.org/nullthrows/-/nullthrows-1.1.1.tgz",
      "integrity": "sha512-2vPPEi+Z7WqML2jZYddDIfy5Dqb0r2fze2zTxNNknZaFpVHU3mFB3R+DWeJWGVx0ecvttSGlJTI+WG+8Z4cDWw=="
    },
    "object-assign": {
      "version": "4.1.1",
      "resolved": "https://registry.npmjs.org/object-assign/-/object-assign-4.1.1.tgz",
      "integrity": "sha1-IQmtx5ZYh8/AXLvUQsrIv7s2CGM="
    },
    "options": {
      "version": "0.0.6",
      "resolved": "https://registry.npmjs.org/options/-/options-0.0.6.tgz",
      "integrity": "sha1-7CLTEoBrtT5zF3Pnza788cZDEo8="
    },
    "prop-types": {
      "version": "15.7.2",
      "resolved": "https://registry.npmjs.org/prop-types/-/prop-types-15.7.2.tgz",
      "integrity": "sha512-8QQikdH7//R2vurIJSutZ1smHYTcLpRWEOlHnzcWHmBYrOGUysKwSsrC89BCiFj3CbrfJ/nXFdJepOVrY1GCHQ==",
      "requires": {
        "loose-envify": "^1.4.0",
        "object-assign": "^4.1.1",
        "react-is": "^16.8.1"
      }
    },
    "react": {
      "version": "16.14.0",
      "resolved": "https://registry.npmjs.org/react/-/react-16.14.0.tgz",
      "integrity": "sha512-0X2CImDkJGApiAlcf0ODKIneSwBPhqJawOa5wCtKbu7ZECrmS26NvtSILynQ66cgkT/RJ4LidJOc3bUESwmU8g==",
      "requires": {
        "loose-envify": "^1.1.0",
        "object-assign": "^4.1.1",
        "prop-types": "^15.6.2"
      }
    },
    "react-dom": {
      "version": "16.14.0",
      "resolved": "https://registry.npmjs.org/react-dom/-/react-dom-16.14.0.tgz",
      "integrity": "sha512-1gCeQXDLoIqMgqD3IO2Ah9bnf0w9kzhwN5q4FGnHZ67hBm9yePzB5JJAIQCc8x3pFnNlwFq4RidZggNAAkzWWw==",
      "requires": {
        "loose-envify": "^1.1.0",
        "object-assign": "^4.1.1",
        "prop-types": "^15.6.2",
        "scheduler": "^0.19.1"
      }
    },
    "react-is": {
      "version": "16.13.1",
      "resolved": "https://registry.npmjs.org/react-is/-/react-is-16.13.1.tgz",
      "integrity": "sha512-24e6ynE2H+OKt4kqsOvNd8kBpV65zoxbA4BVsEOB3ARVWQki/DHzaUoC5KuON/BiccDaCCTZBuOcfZs70kR8bQ=="
    },
    "scheduler": {
      "version": "0.19.1",
      "resolved": "https://registry.npmjs.org/scheduler/-/scheduler-0.19.1.tgz",
      "integrity": "sha512-n/zwRWRYSUj0/3g/otKDRPMh6qv2SYMWNq85IEa8iZyAv8od9zDYpGSnpBEjNgcMNq6Scbu5KfIPxNF72R/2EA==",
      "requires": {
        "loose-envify": "^1.1.0",
        "object-assign": "^4.1.1"
      }
    },
    "sprintf-js": {
      "version": "1.0.3",
      "resolved": "https://registry.npmjs.org/sprintf-js/-/sprintf-js-1.0.3.tgz",
      "integrity": "sha1-BOaSb2YolTVPPdAVIDYzuFcpfiw="
    },
    "subscriptions-transport-ws": {
      "version": "0.9.19",
      "resolved": "https://registry.npmjs.org/subscriptions-transport-ws/-/subscriptions-transport-ws-0.9.19.tgz",
      "integrity": "sha512-dxdemxFFB0ppCLg10FTtRqH/31FNRL1y1BQv8209MK5I4CwALb7iihQg+7p65lFcIl8MHatINWBLOqpgU4Kyyw==",
      "requires": {
        "backo2": "^1.0.2",
        "eventemitter3": "^3.1.0",
        "iterall": "^1.2.1",
        "symbol-observable": "^1.0.4",
        "ws": "^5.2.0 || ^6.0.0 || ^7.0.0"
      },
      "dependencies": {
        "eventemitter3": {
          "version": "3.1.2",
          "resolved": "https://registry.npmjs.org/eventemitter3/-/eventemitter3-3.1.2.tgz",
          "integrity": "sha512-tvtQIeLVHjDkJYnzf2dgVMxfuSGJeM/7UCG17TT4EumTfNtF+0nebF/4zWOIkCreAbtNqhGEboB6BWrwqNaw4Q=="
        },
        "ws": {
          "version": "7.4.6",
          "resolved": "https://registry.npmjs.org/ws/-/ws-7.4.6.tgz",
          "integrity": "sha512-YmhHDO4MzaDLB+M9ym/mDA5z0naX8j7SIlT8f8z+I0VtzsRbekxEutHSme7NPS2qE8StCYQNUnfWdXta/Yu85A==",
          "requires": {}
        }
      }
    },
    "symbol-observable": {
      "version": "1.2.0",
      "resolved": "https://registry.npmjs.org/symbol-observable/-/symbol-observable-1.2.0.tgz",
      "integrity": "sha512-e900nM8RRtGhlV36KGEU9k65K3mPb1WV70OdjfxlG2EAuM1noi/E/BaW/uMhL7bPEssK8QV57vN3esixjUvcXQ=="
    },
    "toggle-selection": {
      "version": "1.0.6",
      "resolved": "https://registry.npmjs.org/toggle-selection/-/toggle-selection-1.0.6.tgz",
      "integrity": "sha1-bkWxJj8gF/oKzH2J14sVuL932jI="
    },
    "uc.micro": {
      "version": "1.0.6",
      "resolved": "https://registry.npmjs.org/uc.micro/-/uc.micro-1.0.6.tgz",
      "integrity": "sha512-8Y75pvTYkLJW2hWQHXxoqRgV7qb9B+9vFEtidML+7koHUFapnVJAZ6cKs+Qjz5Aw3aZWHMC6u0wJE3At+nSGwA=="
    },
    "ultron": {
      "version": "1.0.2",
      "resolved": "https://registry.npmjs.org/ultron/-/ultron-1.0.2.tgz",
      "integrity": "sha1-rOEWq1V80Zc4ak6I9GhTeMiy5Po="
    },
    "vscode-languageserver-types": {
      "version": "3.16.0",
      "resolved": "https://registry.npmjs.org/vscode-languageserver-types/-/vscode-languageserver-types-3.16.0.tgz",
      "integrity": "sha512-k8luDIWJWyenLc5ToFQQMaSrqCHiLwyKPHKPQZ5zz21vM+vIVUSvsRpcbiECH4WR88K2XZqc4ScRcZ7nk/jbeA=="
    },
    "ws": {
      "version": "1.1.5",
      "resolved": "https://registry.npmjs.org/ws/-/ws-1.1.5.tgz",
      "integrity": "sha512-o3KqipXNUdS7wpQzBHSe180lBGO60SoK0yVo3CYJgb2MkobuWuBX6dhkYP5ORCLd55y+SaflMOV5fqAB53ux4w==",
      "requires": {
        "options": ">=0.0.5",
        "ultron": "1.0.x"
      }
    }
  }
}
